// !$*UTF8*$!
{
	archiveVersion = 1;
	classes = {
	};
	objectVersion = 50;
	objects = {

/* Begin PBXBuildFile section */
		3ACD0FE62138CADF00E83D3C /* AppDelegate.m in Sources */ = {isa = PBXBuildFile; fileRef = 3ACD0FE52138CADF00E83D3C /* AppDelegate.m */; };
		3ACD0FE92138CADF00E83D3C /* ViewController.m in Sources */ = {isa = PBXBuildFile; fileRef = 3ACD0FE82138CADF00E83D3C /* ViewController.m */; };
		3ACD0FEC2138CADF00E83D3C /* Main.storyboard in Resources */ = {isa = PBXBuildFile; fileRef = 3ACD0FEA2138CADF00E83D3C /* Main.storyboard */; };
		3ACD0FEE2138CAE000E83D3C /* Assets.xcassets in Resources */ = {isa = PBXBuildFile; fileRef = 3ACD0FED2138CAE000E83D3C /* Assets.xcassets */; };
		3ACD0FF12138CAE000E83D3C /* LaunchScreen.storyboard in Resources */ = {isa = PBXBuildFile; fileRef = 3ACD0FEF2138CAE000E83D3C /* LaunchScreen.storyboard */; };
		3ACD0FF42138CAE000E83D3C /* main.m in Sources */ = {isa = PBXBuildFile; fileRef = 3ACD0FF32138CAE000E83D3C /* main.m */; };
		3ACD0FFE2138CAE000E83D3C /* QCYTests.m in Sources */ = {isa = PBXBuildFile; fileRef = 3ACD0FFD2138CAE000E83D3C /* QCYTests.m */; };
		3ACD10092138CAE000E83D3C /* QCYUITests.m in Sources */ = {isa = PBXBuildFile; fileRef = 3ACD10082138CAE000E83D3C /* QCYUITests.m */; };
/* End PBXBuildFile section */

/* Begin PBXContainerItemProxy section */
		3ACD0FFA2138CAE000E83D3C /* PBXContainerItemProxy */ = {
			isa = PBXContainerItemProxy;
			containerPortal = 3ACD0FD92138CADF00E83D3C /* Project object */;
			proxyType = 1;
			remoteGlobalIDString = 3ACD0FE02138CADF00E83D3C;
			remoteInfo = QCY;
		};
		3ACD10052138CAE000E83D3C /* PBXContainerItemProxy */ = {
			isa = PBXContainerItemProxy;
			containerPortal = 3ACD0FD92138CADF00E83D3C /* Project object */;
			proxyType = 1;
			remoteGlobalIDString = 3ACD0FE02138CADF00E83D3C;
			remoteInfo = QCY;
		};
/* End PBXContainerItemProxy section */

/* Begin PBXFileReference section */
		3ACD0FE12138CADF00E83D3C /* QCY.app */ = {isa = PBXFileReference; explicitFileType = wrapper.application; includeInIndex = 0; path = QCY.app; sourceTree = BUILT_PRODUCTS_DIR; };
		3ACD0FE42138CADF00E83D3C /* AppDelegate.h */ = {isa = PBXFileReference; lastKnownFileType = sourcecode.c.h; path = AppDelegate.h; sourceTree = "<group>"; };
		3ACD0FE52138CADF00E83D3C /* AppDelegate.m */ = {isa = PBXFileReference; lastKnownFileType = sourcecode.c.objc; path = AppDelegate.m; sourceTree = "<group>"; };
		3ACD0FE72138CADF00E83D3C /* ViewController.h */ = {isa = PBXFileReference; lastKnownFileType = sourcecode.c.h; path = ViewController.h; sourceTree = "<group>"; };
		3ACD0FE82138CADF00E83D3C /* ViewController.m */ = {isa = PBXFileReference; lastKnownFileType = sourcecode.c.objc; path = ViewController.m; sourceTree = "<group>"; };
		3ACD0FEB2138CADF00E83D3C /* Base */ = {isa = PBXFileReference; lastKnownFileType = file.storyboard; name = Base; path = Base.lproj/Main.storyboard; sourceTree = "<group>"; };
		3ACD0FED2138CAE000E83D3C /* Assets.xcassets */ = {isa = PBXFileReference; lastKnownFileType = folder.assetcatalog; path = Assets.xcassets; sourceTree = "<group>"; };
		3ACD0FF02138CAE000E83D3C /* Base */ = {isa = PBXFileReference; lastKnownFileType = file.storyboard; name = Base; path = Base.lproj/LaunchScreen.storyboard; sourceTree = "<group>"; };
		3ACD0FF22138CAE000E83D3C /* Info.plist */ = {isa = PBXFileReference; lastKnownFileType = text.plist.xml; path = Info.plist; sourceTree = "<group>"; };
		3ACD0FF32138CAE000E83D3C /* main.m */ = {isa = PBXFileReference; lastKnownFileType = sourcecode.c.objc; path = main.m; sourceTree = "<group>"; };
		3ACD0FF92138CAE000E83D3C /* QCYTests.xctest */ = {isa = PBXFileReference; explicitFileType = wrapper.cfbundle; includeInIndex = 0; path = QCYTests.xctest; sourceTree = BUILT_PRODUCTS_DIR; };
		3ACD0FFD2138CAE000E83D3C /* QCYTests.m */ = {isa = PBXFileReference; lastKnownFileType = sourcecode.c.objc; path = QCYTests.m; sourceTree = "<group>"; };
		3ACD0FFF2138CAE000E83D3C /* Info.plist */ = {isa = PBXFileReference; lastKnownFileType = text.plist.xml; path = Info.plist; sourceTree = "<group>"; };
		3ACD10042138CAE000E83D3C /* QCYUITests.xctest */ = {isa = PBXFileReference; explicitFileType = wrapper.cfbundle; includeInIndex = 0; path = QCYUITests.xctest; sourceTree = BUILT_PRODUCTS_DIR; };
		3ACD10082138CAE000E83D3C /* QCYUITests.m */ = {isa = PBXFileReference; lastKnownFileType = sourcecode.c.objc; path = QCYUITests.m; sourceTree = "<group>"; };
		3ACD100A2138CAE000E83D3C /* Info.plist */ = {isa = PBXFileReference; lastKnownFileType = text.plist.xml; path = Info.plist; sourceTree = "<group>"; };
/* End PBXFileReference section */

/* Begin PBXFrameworksBuildPhase section */
		3ACD0FDE2138CADF00E83D3C /* Frameworks */ = {
			isa = PBXFrameworksBuildPhase;
			buildActionMask = 2147483647;
			files = (
			);
			runOnlyForDeploymentPostprocessing = 0;
		};
		3ACD0FF62138CAE000E83D3C /* Frameworks */ = {
			isa = PBXFrameworksBuildPhase;
			buildActionMask = 2147483647;
			files = (
			);
			runOnlyForDeploymentPostprocessing = 0;
		};
		3ACD10012138CAE000E83D3C /* Frameworks */ = {
			isa = PBXFrameworksBuildPhase;
			buildActionMask = 2147483647;
			files = (
			);
			runOnlyForDeploymentPostprocessing = 0;
		};
/* End PBXFrameworksBuildPhase section */

/* Begin PBXGroup section */
		3ACD0FD82138CADF00E83D3C = {
			isa = PBXGroup;
			children = (
				3ACD0FE32138CADF00E83D3C /* QCY */,
				3ACD0FFC2138CAE000E83D3C /* QCYTests */,
				3ACD10072138CAE000E83D3C /* QCYUITests */,
				3ACD0FE22138CADF00E83D3C /* Products */,
			);
			sourceTree = "<group>";
		};
		3ACD0FE22138CADF00E83D3C /* Products */ = {
			isa = PBXGroup;
			children = (
				3ACD0FE12138CADF00E83D3C /* QCY.app */,
				3ACD0FF92138CAE000E83D3C /* QCYTests.xctest */,
				3ACD10042138CAE000E83D3C /* QCYUITests.xctest */,
			);
			name = Products;
			sourceTree = "<group>";
		};
		3ACD0FE32138CADF00E83D3C /* QCY */ = {
			isa = PBXGroup;
			children = (
				3ACD0FE42138CADF00E83D3C /* AppDelegate.h */,
				3ACD0FE52138CADF00E83D3C /* AppDelegate.m */,
				3ACD0FE72138CADF00E83D3C /* ViewController.h */,
				3ACD0FE82138CADF00E83D3C /* ViewController.m */,
				3ACD0FEA2138CADF00E83D3C /* Main.storyboard */,
				3ACD0FED2138CAE000E83D3C /* Assets.xcassets */,
				3ACD0FEF2138CAE000E83D3C /* LaunchScreen.storyboard */,
				3ACD0FF22138CAE000E83D3C /* Info.plist */,
				3ACD0FF32138CAE000E83D3C /* main.m */,
			);
			path = QCY;
			sourceTree = "<group>";
		};
		3ACD0FFC2138CAE000E83D3C /* QCYTests */ = {
			isa = PBXGroup;
			children = (
				3ACD0FFD2138CAE000E83D3C /* QCYTests.m */,
				3ACD0FFF2138CAE000E83D3C /* Info.plist */,
			);
			path = QCYTests;
			sourceTree = "<group>";
		};
		3ACD10072138CAE000E83D3C /* QCYUITests */ = {
			isa = PBXGroup;
			children = (
				3ACD10082138CAE000E83D3C /* QCYUITests.m */,
				3ACD100A2138CAE000E83D3C /* Info.plist */,
			);
			path = QCYUITests;
			sourceTree = "<group>";
		};
/* End PBXGroup section */

/* Begin PBXNativeTarget section */
		3ACD0FE02138CADF00E83D3C /* QCY */ = {
			isa = PBXNativeTarget;
			buildConfigurationList = 3ACD100D2138CAE000E83D3C /* Build configuration list for PBXNativeTarget "QCY" */;
			buildPhases = (
				3ACD0FDD2138CADF00E83D3C /* Sources */,
				3ACD0FDE2138CADF00E83D3C /* Frameworks */,
				3ACD0FDF2138CADF00E83D3C /* Resources */,
			);
			buildRules = (
			);
			dependencies = (
			);
			name = QCY;
			productName = QCY;
			productReference = 3ACD0FE12138CADF00E83D3C /* QCY.app */;
			productType = "com.apple.product-type.application";
		};
		3ACD0FF82138CAE000E83D3C /* QCYTests */ = {
			isa = PBXNativeTarget;
			buildConfigurationList = 3ACD10102138CAE000E83D3C /* Build configuration list for PBXNativeTarget "QCYTests" */;
			buildPhases = (
				3ACD0FF52138CAE000E83D3C /* Sources */,
				3ACD0FF62138CAE000E83D3C /* Frameworks */,
				3ACD0FF72138CAE000E83D3C /* Resources */,
			);
			buildRules = (
			);
			dependencies = (
				3ACD0FFB2138CAE000E83D3C /* PBXTargetDependency */,
			);
			name = QCYTests;
			productName = QCYTests;
			productReference = 3ACD0FF92138CAE000E83D3C /* QCYTests.xctest */;
			productType = "com.apple.product-type.bundle.unit-test";
		};
		3ACD10032138CAE000E83D3C /* QCYUITests */ = {
			isa = PBXNativeTarget;
			buildConfigurationList = 3ACD10132138CAE000E83D3C /* Build configuration list for PBXNativeTarget "QCYUITests" */;
			buildPhases = (
				3ACD10002138CAE000E83D3C /* Sources */,
				3ACD10012138CAE000E83D3C /* Frameworks */,
				3ACD10022138CAE000E83D3C /* Resources */,
			);
			buildRules = (
			);
			dependencies = (
				3ACD10062138CAE000E83D3C /* PBXTargetDependency */,
			);
			name = QCYUITests;
			productName = QCYUITests;
			productReference = 3ACD10042138CAE000E83D3C /* QCYUITests.xctest */;
			productType = "com.apple.product-type.bundle.ui-testing";
		};
/* End PBXNativeTarget section */

/* Begin PBXProject section */
		3ACD0FD92138CADF00E83D3C /* Project object */ = {
			isa = PBXProject;
			attributes = {
				LastUpgradeCheck = 0940;
				ORGANIZATIONNAME = "Shanghai i7colors Ecommerce Co., Ltd.";
				TargetAttributes = {
					3ACD0FE02138CADF00E83D3C = {
						CreatedOnToolsVersion = 9.4.1;
					};
					3ACD0FF82138CAE000E83D3C = {
						CreatedOnToolsVersion = 9.4.1;
						TestTargetID = 3ACD0FE02138CADF00E83D3C;
					};
					3ACD10032138CAE000E83D3C = {
						CreatedOnToolsVersion = 9.4.1;
						TestTargetID = 3ACD0FE02138CADF00E83D3C;
					};
				};
			};
			buildConfigurationList = 3ACD0FDC2138CADF00E83D3C /* Build configuration list for PBXProject "QCY" */;
			compatibilityVersion = "Xcode 9.3";
			developmentRegion = en;
			hasScannedForEncodings = 0;
			knownRegions = (
				en,
				Base,
			);
			mainGroup = 3ACD0FD82138CADF00E83D3C;
			productRefGroup = 3ACD0FE22138CADF00E83D3C /* Products */;
			projectDirPath = "";
			projectRoot = "";
			targets = (
				3ACD0FE02138CADF00E83D3C /* QCY */,
				3ACD0FF82138CAE000E83D3C /* QCYTests */,
				3ACD10032138CAE000E83D3C /* QCYUITests */,
			);
		};
/* End PBXProject section */

/* Begin PBXResourcesBuildPhase section */
		3ACD0FDF2138CADF00E83D3C /* Resources */ = {
			isa = PBXResourcesBuildPhase;
			buildActionMask = 2147483647;
			files = (
				3ACD0FF12138CAE000E83D3C /* LaunchScreen.storyboard in Resources */,
				3ACD0FEE2138CAE000E83D3C /* Assets.xcassets in Resources */,
				3ACD0FEC2138CADF00E83D3C /* Main.storyboard in Resources */,
			);
			runOnlyForDeploymentPostprocessing = 0;
		};
		3ACD0FF72138CAE000E83D3C /* Resources */ = {
			isa = PBXResourcesBuildPhase;
			buildActionMask = 2147483647;
			files = (
			);
			runOnlyForDeploymentPostprocessing = 0;
		};
		3ACD10022138CAE000E83D3C /* Resources */ = {
			isa = PBXResourcesBuildPhase;
			buildActionMask = 2147483647;
			files = (
			);
			runOnlyForDeploymentPostprocessing = 0;
		};
/* End PBXResourcesBuildPhase section */

/* Begin PBXSourcesBuildPhase section */
		3ACD0FDD2138CADF00E83D3C /* Sources */ = {
			isa = PBXSourcesBuildPhase;
			buildActionMask = 2147483647;
			files = (
				3ACD0FE92138CADF00E83D3C /* ViewController.m in Sources */,
				3ACD0FF42138CAE000E83D3C /* main.m in Sources */,
				3ACD0FE62138CADF00E83D3C /* AppDelegate.m in Sources */,
			);
			runOnlyForDeploymentPostprocessing = 0;
		};
		3ACD0FF52138CAE000E83D3C /* Sources */ = {
			isa = PBXSourcesBuildPhase;
			buildActionMask = 2147483647;
			files = (
				3ACD0FFE2138CAE000E83D3C /* QCYTests.m in Sources */,
			);
			runOnlyForDeploymentPostprocessing = 0;
		};
		3ACD10002138CAE000E83D3C /* Sources */ = {
			isa = PBXSourcesBuildPhase;
			buildActionMask = 2147483647;
			files = (
				3ACD10092138CAE000E83D3C /* QCYUITests.m in Sources */,
			);
			runOnlyForDeploymentPostprocessing = 0;
		};
/* End PBXSourcesBuildPhase section */

/* Begin PBXTargetDependency section */
		3ACD0FFB2138CAE000E83D3C /* PBXTargetDependency */ = {
			isa = PBXTargetDependency;
			target = 3ACD0FE02138CADF00E83D3C /* QCY */;
			targetProxy = 3ACD0FFA2138CAE000E83D3C /* PBXContainerItemProxy */;
		};
		3ACD10062138CAE000E83D3C /* PBXTargetDependency */ = {
			isa = PBXTargetDependency;
			target = 3ACD0FE02138CADF00E83D3C /* QCY */;
			targetProxy = 3ACD10052138CAE000E83D3C /* PBXContainerItemProxy */;
		};
/* End PBXTargetDependency section */

/* Begin PBXVariantGroup section */
		3ACD0FEA2138CADF00E83D3C /* Main.storyboard */ = {
			isa = PBXVariantGroup;
			children = (
				3ACD0FEB2138CADF00E83D3C /* Base */,
			);
			name = Main.storyboard;
			sourceTree = "<group>";
		};
		3ACD0FEF2138CAE000E83D3C /* LaunchScreen.storyboard */ = {
			isa = PBXVariantGroup;
			children = (
				3ACD0FF02138CAE000E83D3C /* Base */,
			);
			name = LaunchScreen.storyboard;
			sourceTree = "<group>";
		};
/* End PBXVariantGroup section */

/* Begin XCBuildConfiguration section */
		3ACD100B2138CAE000E83D3C /* Debug */ = {
			isa = XCBuildConfiguration;
			buildSettings = {
				ALWAYS_SEARCH_USER_PATHS = NO;
				CLANG_ANALYZER_NONNULL = YES;
				CLANG_ANALYZER_NUMBER_OBJECT_CONVERSION = YES_AGGRESSIVE;
				CLANG_CXX_LANGUAGE_STANDARD = "gnu++14";
				CLANG_CXX_LIBRARY = "libc++";
				CLANG_ENABLE_MODULES = YES;
				CLANG_ENABLE_OBJC_ARC = YES;
				CLANG_ENABLE_OBJC_WEAK = YES;
				CLANG_WARN_BLOCK_CAPTURE_AUTORELEASING = YES;
				CLANG_WARN_BOOL_CONVERSION = YES;
				CLANG_WARN_COMMA = YES;
				CLANG_WARN_CONSTANT_CONVERSION = YES;
				CLANG_WARN_DEPRECATED_OBJC_IMPLEMENTATIONS = YES;
				CLANG_WARN_DIRECT_OBJC_ISA_USAGE = YES_ERROR;
				CLANG_WARN_DOCUMENTATION_COMMENTS = YES;
				CLANG_WARN_EMPTY_BODY = YES;
				CLANG_WARN_ENUM_CONVERSION = YES;
				CLANG_WARN_INFINITE_RECURSION = YES;
				CLANG_WARN_INT_CONVERSION = YES;
				CLANG_WARN_NON_LITERAL_NULL_CONVERSION = YES;
				CLANG_WARN_OBJC_IMPLICIT_RETAIN_SELF = YES;
				CLANG_WARN_OBJC_LITERAL_CONVERSION = YES;
				CLANG_WARN_OBJC_ROOT_CLASS = YES_ERROR;
				CLANG_WARN_RANGE_LOOP_ANALYSIS = YES;
				CLANG_WARN_STRICT_PROTOTYPES = YES;
				CLANG_WARN_SUSPICIOUS_MOVE = YES;
				CLANG_WARN_UNGUARDED_AVAILABILITY = YES_AGGRESSIVE;
				CLANG_WARN_UNREACHABLE_CODE = YES;
				CLANG_WARN__DUPLICATE_METHOD_MATCH = YES;
				CODE_SIGN_IDENTITY = "iPhone Developer";
				COPY_PHASE_STRIP = NO;
				DEBUG_INFORMATION_FORMAT = dwarf;
				ENABLE_STRICT_OBJC_MSGSEND = YES;
				ENABLE_TESTABILITY = YES;
				GCC_C_LANGUAGE_STANDARD = gnu11;
				GCC_DYNAMIC_NO_PIC = NO;
				GCC_NO_COMMON_BLOCKS = YES;
				GCC_OPTIMIZATION_LEVEL = 0;
				GCC_PREPROCESSOR_DEFINITIONS = (
					"DEBUG=1",
					"$(inherited)",
				);
				GCC_WARN_64_TO_32_BIT_CONVERSION = YES;
				GCC_WARN_ABOUT_RETURN_TYPE = YES_ERROR;
				GCC_WARN_UNDECLARED_SELECTOR = YES;
				GCC_WARN_UNINITIALIZED_AUTOS = YES_AGGRESSIVE;
				GCC_WARN_UNUSED_FUNCTION = YES;
				GCC_WARN_UNUSED_VARIABLE = YES;
				IPHONEOS_DEPLOYMENT_TARGET = 11.4;
				MTL_ENABLE_DEBUG_INFO = YES;
				ONLY_ACTIVE_ARCH = YES;
				SDKROOT = iphoneos;
			};
			name = Debug;
		};
		3ACD100C2138CAE000E83D3C /* Release */ = {
			isa = XCBuildConfiguration;
			buildSettings = {
				ALWAYS_SEARCH_USER_PATHS = NO;
				CLANG_ANALYZER_NONNULL = YES;
				CLANG_ANALYZER_NUMBER_OBJECT_CONVERSION = YES_AGGRESSIVE;
				CLANG_CXX_LANGUAGE_STANDARD = "gnu++14";
				CLANG_CXX_LIBRARY = "libc++";
				CLANG_ENABLE_MODULES = YES;
				CLANG_ENABLE_OBJC_ARC = YES;
				CLANG_ENABLE_OBJC_WEAK = YES;
				CLANG_WARN_BLOCK_CAPTURE_AUTORELEASING = YES;
				CLANG_WARN_BOOL_CONVERSION = YES;
				CLANG_WARN_COMMA = YES;
				CLANG_WARN_CONSTANT_CONVERSION = YES;
				CLANG_WARN_DEPRECATED_OBJC_IMPLEMENTATIONS = YES;
				CLANG_WARN_DIRECT_OBJC_ISA_USAGE = YES_ERROR;
				CLANG_WARN_DOCUMENTATION_COMMENTS = YES;
				CLANG_WARN_EMPTY_BODY = YES;
				CLANG_WARN_ENUM_CONVERSION = YES;
				CLANG_WARN_INFINITE_RECURSION = YES;
				CLANG_WARN_INT_CONVERSION = YES;
				CLANG_WARN_NON_LITERAL_NULL_CONVERSION = YES;
				CLANG_WARN_OBJC_IMPLICIT_RETAIN_SELF = YES;
				CLANG_WARN_OBJC_LITERAL_CONVERSION = YES;
				CLANG_WARN_OBJC_ROOT_CLASS = YES_ERROR;
				CLANG_WARN_RANGE_LOOP_ANALYSIS = YES;
				CLANG_WARN_STRICT_PROTOTYPES = YES;
				CLANG_WARN_SUSPICIOUS_MOVE = YES;
				CLANG_WARN_UNGUARDED_AVAILABILITY = YES_AGGRESSIVE;
				CLANG_WARN_UNREACHABLE_CODE = YES;
				CLANG_WARN__DUPLICATE_METHOD_MATCH = YES;
				CODE_SIGN_IDENTITY = "iPhone Developer";
				COPY_PHASE_STRIP = NO;
				DEBUG_INFORMATION_FORMAT = "dwarf-with-dsym";
				ENABLE_NS_ASSERTIONS = NO;
				ENABLE_STRICT_OBJC_MSGSEND = YES;
				GCC_C_LANGUAGE_STANDARD = gnu11;
				GCC_NO_COMMON_BLOCKS = YES;
				GCC_WARN_64_TO_32_BIT_CONVERSION = YES;
				GCC_WARN_ABOUT_RETURN_TYPE = YES_ERROR;
				GCC_WARN_UNDECLARED_SELECTOR = YES;
				GCC_WARN_UNINITIALIZED_AUTOS = YES_AGGRESSIVE;
				GCC_WARN_UNUSED_FUNCTION = YES;
				GCC_WARN_UNUSED_VARIABLE = YES;
				IPHONEOS_DEPLOYMENT_TARGET = 11.4;
				MTL_ENABLE_DEBUG_INFO = NO;
				SDKROOT = iphoneos;
				VALIDATE_PRODUCT = YES;
			};
			name = Release;
		};
		3ACD100E2138CAE000E83D3C /* Debug */ = {
			isa = XCBuildConfiguration;
			buildSettings = {
				ASSETCATALOG_COMPILER_APPICON_NAME = AppIcon;
				CODE_SIGN_STYLE = Automatic;
				DEVELOPMENT_TEAM = 4MX3HR2F5C;
				INFOPLIST_FILE = QCY/Info.plist;
				LD_RUNPATH_SEARCH_PATHS = (
					"$(inherited)",
					"@executable_path/Frameworks",
				);
				PRODUCT_BUNDLE_IDENTIFIER = com.i7colors.QCY;
				PRODUCT_NAME = "$(TARGET_NAME)";
				TARGETED_DEVICE_FAMILY = "1,2";
			};
			name = Debug;
		};
		3ACD100F2138CAE000E83D3C /* Release */ = {
			isa = XCBuildConfiguration;
			buildSettings = {
				ASSETCATALOG_COMPILER_APPICON_NAME = AppIcon;
				CODE_SIGN_STYLE = Automatic;
				DEVELOPMENT_TEAM = 4MX3HR2F5C;
				INFOPLIST_FILE = QCY/Info.plist;
				LD_RUNPATH_SEARCH_PATHS = (
					"$(inherited)",
					"@executable_path/Frameworks",
				);
				PRODUCT_BUNDLE_IDENTIFIER = com.i7colors.QCY;
				PRODUCT_NAME = "$(TARGET_NAME)";
				TARGETED_DEVICE_FAMILY = "1,2";
			};
			name = Release;
		};
		3ACD10112138CAE000E83D3C /* Debug */ = {
			isa = XCBuildConfiguration;
			buildSettings = {
				BUNDLE_LOADER = "$(TEST_HOST)";
				CODE_SIGN_STYLE = Automatic;
				DEVELOPMENT_TEAM = 4MX3HR2F5C;
				INFOPLIST_FILE = QCYTests/Info.plist;
				LD_RUNPATH_SEARCH_PATHS = (
					"$(inherited)",
					"@executable_path/Frameworks",
					"@loader_path/Frameworks",
				);
				PRODUCT_BUNDLE_IDENTIFIER = com.i7colors.QCYTests;
				PRODUCT_NAME = "$(TARGET_NAME)";
				TARGETED_DEVICE_FAMILY = "1,2";
				TEST_HOST = "$(BUILT_PRODUCTS_DIR)/QCY.app/QCY";
			};
			name = Debug;
		};
		3ACD10122138CAE000E83D3C /* Release */ = {
			isa = XCBuildConfiguration;
			buildSettings = {
				BUNDLE_LOADER = "$(TEST_HOST)";
				CODE_SIGN_STYLE = Automatic;
				DEVELOPMENT_TEAM = 4MX3HR2F5C;
				INFOPLIST_FILE = QCYTests/Info.plist;
				LD_RUNPATH_SEARCH_PATHS = (
					"$(inherited)",
					"@executable_path/Frameworks",
					"@loader_path/Frameworks",
				);
				PRODUCT_BUNDLE_IDENTIFIER = com.i7colors.QCYTests;
				PRODUCT_NAME = "$(TARGET_NAME)";
				TARGETED_DEVICE_FAMILY = "1,2";
				TEST_HOST = "$(BUILT_PRODUCTS_DIR)/QCY.app/QCY";
			};
			name = Release;
		};
		3ACD10142138CAE000E83D3C /* Debug */ = {
			isa = XCBuildConfiguration;
			buildSettings = {
				CODE_SIGN_STYLE = Automatic;
				DEVELOPMENT_TEAM = 4MX3HR2F5C;
				INFOPLIST_FILE = QCYUITests/Info.plist;
				LD_RUNPATH_SEARCH_PATHS = (
					"$(inherited)",
					"@executable_path/Frameworks",
					"@loader_path/Frameworks",
				);
				PRODUCT_BUNDLE_IDENTIFIER = com.i7colors.QCYUITests;
				PRODUCT_NAME = "$(TARGET_NAME)";
				TARGETED_DEVICE_FAMILY = "1,2";
				TEST_TARGET_NAME = QCY;
			};
			name = Debug;
		};
		3ACD10152138CAE000E83D3C /* Release */ = {
			isa = XCBuildConfiguration;
			buildSettings = {
				CODE_SIGN_STYLE = Automatic;
				DEVELOPMENT_TEAM = 4MX3HR2F5C;
				INFOPLIST_FILE = QCYUITests/Info.plist;
				LD_RUNPATH_SEARCH_PATHS = (
					"$(inherited)",
					"@executable_path/Frameworks",
					"@loader_path/Frameworks",
				);
				PRODUCT_BUNDLE_IDENTIFIER = com.i7colors.QCYUITests;
				PRODUCT_NAME = "$(TARGET_NAME)";
				TARGETED_DEVICE_FAMILY = "1,2";
				TEST_TARGET_NAME = QCY;
			};
			name = Release;
		};
/* End XCBuildConfiguration section */

/* Begin XCConfigurationList section */
		3ACD0FDC2138CADF00E83D3C /* Build configuration list for PBXProject "QCY" */ = {
			isa = XCConfigurationList;
			buildConfigurations = (
				3ACD100B2138CAE000E83D3C /* Debug */,
				3ACD100C2138CAE000E83D3C /* Release */,
			);
			defaultConfigurationIsVisible = 0;
			defaultConfigurationName = Release;
		};
		3ACD100D2138CAE000E83D3C /* Build configuration list for PBXNativeTarget "QCY" */ = {
			isa = XCConfigurationList;
			buildConfigurations = (
				3ACD100E2138CAE000E83D3C /* Debug */,
				3ACD100F2138CAE000E83D3C /* Release */,
			);
			defaultConfigurationIsVisible = 0;
			defaultConfigurationName = Release;
		};
		3ACD10102138CAE000E83D3C /* Build configuration list for PBXNativeTarget "QCYTests" */ = {
			isa = XCConfigurationList;
			buildConfigurations = (
				3ACD10112138CAE000E83D3C /* Debug */,
				3ACD10122138CAE000E83D3C /* Release */,
			);
			defaultConfigurationIsVisible = 0;
			defaultConfigurationName = Release;
		};
		3ACD10132138CAE000E83D3C /* Build configuration list for PBXNativeTarget "QCYUITests" */ = {
			isa = XCConfigurationList;
			buildConfigurations = (
				3ACD10142138CAE000E83D3C /* Debug */,
				3ACD10152138CAE000E83D3C /* Release */,
			);
			defaultConfigurationIsVisible = 0;
			defaultConfigurationName = Release;
		};
/* End XCConfigurationList section */
	};
	rootObject = 3ACD0FD92138CADF00E83D3C /* Project object */;
}
