// !$*UTF8*$!
{
	archiveVersion = 1;
	classes = {
	};
	objectVersion = 50;
	objects = {

/* Begin PBXBuildFile section */
		3A411FFF213CBFCD003191F1 /* TabbarVC.m in Sources */ = {isa = PBXBuildFile; fileRef = 3A411FFE213CBFCD003191F1 /* TabbarVC.m */; };
		3A412015213D1181003191F1 /* UIColor+Hex.m in Sources */ = {isa = PBXBuildFile; fileRef = 3A412014213D1181003191F1 /* UIColor+Hex.m */; };
		3A412018213E13C3003191F1 /* UITextField+Limit.m in Sources */ = {isa = PBXBuildFile; fileRef = 3A412017213E13C3003191F1 /* UITextField+Limit.m */; };
		3A412020213E1B46003191F1 /* HomePageVC.m in Sources */ = {isa = PBXBuildFile; fileRef = 3A41201F213E1B46003191F1 /* HomePageVC.m */; };
		3A412023213E1CF7003191F1 /* HeadLineVC.m in Sources */ = {isa = PBXBuildFile; fileRef = 3A412022213E1CF7003191F1 /* HeadLineVC.m */; };
		3A412026213E1D44003191F1 /* MessageVC.m in Sources */ = {isa = PBXBuildFile; fileRef = 3A412025213E1D44003191F1 /* MessageVC.m */; };
		3A41202D213F850A003191F1 /* HomePageHeaderView.m in Sources */ = {isa = PBXBuildFile; fileRef = 3A41202C213F850A003191F1 /* HomePageHeaderView.m */; };
		3ACD0FE62138CADF00E83D3C /* AppDelegate.m in Sources */ = {isa = PBXBuildFile; fileRef = 3ACD0FE52138CADF00E83D3C /* AppDelegate.m */; };
		3ACD0FE92138CADF00E83D3C /* ViewController.m in Sources */ = {isa = PBXBuildFile; fileRef = 3ACD0FE82138CADF00E83D3C /* ViewController.m */; };
		3ACD0FEC2138CADF00E83D3C /* Main.storyboard in Resources */ = {isa = PBXBuildFile; fileRef = 3ACD0FEA2138CADF00E83D3C /* Main.storyboard */; };
		3ACD0FEE2138CAE000E83D3C /* Assets.xcassets in Resources */ = {isa = PBXBuildFile; fileRef = 3ACD0FED2138CAE000E83D3C /* Assets.xcassets */; };
		3ACD0FF12138CAE000E83D3C /* LaunchScreen.storyboard in Resources */ = {isa = PBXBuildFile; fileRef = 3ACD0FEF2138CAE000E83D3C /* LaunchScreen.storyboard */; };
		3ACD0FF42138CAE000E83D3C /* main.m in Sources */ = {isa = PBXBuildFile; fileRef = 3ACD0FF32138CAE000E83D3C /* main.m */; };
		3ACD0FFE2138CAE000E83D3C /* QCYTests.m in Sources */ = {isa = PBXBuildFile; fileRef = 3ACD0FFD2138CAE000E83D3C /* QCYTests.m */; };
		3ACD10092138CAE000E83D3C /* QCYUITests.m in Sources */ = {isa = PBXBuildFile; fileRef = 3ACD10082138CAE000E83D3C /* QCYUITests.m */; };
		8B00305B00A180D63F0837FE /* libPods-QCY.a in Frameworks */ = {isa = PBXBuildFile; fileRef = F76AAA3C4B32680D0777E21F /* libPods-QCY.a */; };
		FC17E06F2140F60B00219452 /* HomePageSectionHeader.m in Sources */ = {isa = PBXBuildFile; fileRef = FC17E06E2140F60B00219452 /* HomePageSectionHeader.m */; };
		FC17E0722140F6CD00219452 /* ClassTool.m in Sources */ = {isa = PBXBuildFile; fileRef = FC17E0712140F6CD00219452 /* ClassTool.m */; };
		FC17E0792141143900219452 /* PromotionsCell.m in Sources */ = {isa = PBXBuildFile; fileRef = FC17E0782141143900219452 /* PromotionsCell.m */; };
		FC17E07C21425ACB00219452 /* AskToBuyCell.m in Sources */ = {isa = PBXBuildFile; fileRef = FC17E07B21425ACB00219452 /* AskToBuyCell.m */; };
		FC33C318214B807800D26C97 /* OpenMallCollectionCell.m in Sources */ = {isa = PBXBuildFile; fileRef = FC33C317214B807800D26C97 /* OpenMallCollectionCell.m */; };
		FC33C31C214BA66400D26C97 /* BaseNavigationController.m in Sources */ = {isa = PBXBuildFile; fileRef = FC33C31B214BA66400D26C97 /* BaseNavigationController.m */; };
		FC33C32D214F65FA00D26C97 /* BaseViewController.m in Sources */ = {isa = PBXBuildFile; fileRef = FC33C32C214F65FA00D26C97 /* BaseViewController.m */; };
		FC33C330214F667C00D26C97 /* OpenMallVC.m in Sources */ = {isa = PBXBuildFile; fileRef = FC33C32F214F667C00D26C97 /* OpenMallVC.m */; };
		FC33C334214F72C800D26C97 /* OpenMallVC_Cell.m in Sources */ = {isa = PBXBuildFile; fileRef = FC33C333214F72C800D26C97 /* OpenMallVC_Cell.m */; };
		FC7E10AA2150CFFC006FCDEF /* UIButton+HYBImageCliped.m in Sources */ = {isa = PBXBuildFile; fileRef = FC7E10A02150CFFB006FCDEF /* UIButton+HYBImageCliped.m */; };
		FC7E10AB2150CFFC006FCDEF /* UIImage+HYBImageCliped.m in Sources */ = {isa = PBXBuildFile; fileRef = FC7E10A12150CFFB006FCDEF /* UIImage+HYBImageCliped.m */; };
		FC7E10AC2150CFFC006FCDEF /* HYBImageClipedManager.m in Sources */ = {isa = PBXBuildFile; fileRef = FC7E10A52150CFFB006FCDEF /* HYBImageClipedManager.m */; };
		FC7E10AD2150CFFC006FCDEF /* UIImageView+HYBImageCliped.m in Sources */ = {isa = PBXBuildFile; fileRef = FC7E10A72150CFFB006FCDEF /* UIImageView+HYBImageCliped.m */; };
		FC7E10AE2150CFFC006FCDEF /* UIView+HYBImageCliped.m in Sources */ = {isa = PBXBuildFile; fileRef = FC7E10A82150CFFC006FCDEF /* UIView+HYBImageCliped.m */; };
		FC7E10B12150DB22006FCDEF /* HelperTool.m in Sources */ = {isa = PBXBuildFile; fileRef = FC7E10B02150DB22006FCDEF /* HelperTool.m */; };
		FC7E10BA2150DF9C006FCDEF /* MineVC.m in Sources */ = {isa = PBXBuildFile; fileRef = FC7E10B92150DF9C006FCDEF /* MineVC.m */; };
		FC7E10BD2151F05C006FCDEF /* UIFont+Runtime.m in Sources */ = {isa = PBXBuildFile; fileRef = FC7E10BC2151F05B006FCDEF /* UIFont+Runtime.m */; };
		FC7E10C0215241FB006FCDEF /* UIImageView+CornerRadius.m in Sources */ = {isa = PBXBuildFile; fileRef = FC7E10BF215241FB006FCDEF /* UIImageView+CornerRadius.m */; };
		FC7E10C421535444006FCDEF /* LoginVC.m in Sources */ = {isa = PBXBuildFile; fileRef = FC7E10C321535444006FCDEF /* LoginVC.m */; };
		FC7E10CD2154B95E006FCDEF /* RegisterVC.m in Sources */ = {isa = PBXBuildFile; fileRef = FC7E10CC2154B95E006FCDEF /* RegisterVC.m */; };
		FC7E10D02154C415006FCDEF /* XPRootNavigationController.m in Sources */ = {isa = PBXBuildFile; fileRef = FC7E10CF2154C415006FCDEF /* XPRootNavigationController.m */; };
		FC7E11122159F5CE006FCDEF /* ProductMallVC_Cell.m in Sources */ = {isa = PBXBuildFile; fileRef = FC7E11112159F5CE006FCDEF /* ProductMallVC_Cell.m */; };
		FC7E11152159F9A4006FCDEF /* ProductMallVC.m in Sources */ = {isa = PBXBuildFile; fileRef = FC7E11142159F9A4006FCDEF /* ProductMallVC.m */; };
		FC7E1118215A1A2F006FCDEF /* ProductDetailsVC.m in Sources */ = {isa = PBXBuildFile; fileRef = FC7E1117215A1A2F006FCDEF /* ProductDetailsVC.m */; };
		FC7E111B215A26C0006FCDEF /* ProductDetailsView.m in Sources */ = {isa = PBXBuildFile; fileRef = FC7E111A215A26C0006FCDEF /* ProductDetailsView.m */; };
		FC854D3B2150B45300D4E39C /* WRNavigationBar.m in Sources */ = {isa = PBXBuildFile; fileRef = FC854D382150B45300D4E39C /* WRNavigationBar.m */; };
		FC854D3C2150B45300D4E39C /* WRCustomNavigationBar.m in Sources */ = {isa = PBXBuildFile; fileRef = FC854D392150B45300D4E39C /* WRCustomNavigationBar.m */; };
		FCD19DEA214A0D1F00DBC908 /* UIImage+Color.m in Sources */ = {isa = PBXBuildFile; fileRef = FCD19DE9214A0D1F00DBC908 /* UIImage+Color.m */; };
		FCD19DED214A41F100DBC908 /* TodaysNewsCell.m in Sources */ = {isa = PBXBuildFile; fileRef = FCD19DEC214A41F100DBC908 /* TodaysNewsCell.m */; };
		FCDA5A1A21462EA7005438E1 /* OpenMallCell.m in Sources */ = {isa = PBXBuildFile; fileRef = FCDA5A1921462EA7005438E1 /* OpenMallCell.m */; };
/* End PBXBuildFile section */

/* Begin PBXContainerItemProxy section */
		3ACD0FFA2138CAE000E83D3C /* PBXContainerItemProxy */ = {
			isa = PBXContainerItemProxy;
			containerPortal = 3ACD0FD92138CADF00E83D3C /* Project object */;
			proxyType = 1;
			remoteGlobalIDString = 3ACD0FE02138CADF00E83D3C;
			remoteInfo = QCY;
		};
		3ACD10052138CAE000E83D3C /* PBXContainerItemProxy */ = {
			isa = PBXContainerItemProxy;
			containerPortal = 3ACD0FD92138CADF00E83D3C /* Project object */;
			proxyType = 1;
			remoteGlobalIDString = 3ACD0FE02138CADF00E83D3C;
			remoteInfo = QCY;
		};
/* End PBXContainerItemProxy section */

/* Begin PBXFileReference section */
		3A411FFD213CBFCD003191F1 /* TabbarVC.h */ = {isa = PBXFileReference; lastKnownFileType = sourcecode.c.h; path = TabbarVC.h; sourceTree = "<group>"; };
		3A411FFE213CBFCD003191F1 /* TabbarVC.m */ = {isa = PBXFileReference; lastKnownFileType = sourcecode.c.objc; path = TabbarVC.m; sourceTree = "<group>"; };
		3A41200F213D0C2B003191F1 /* MacroHeader.h */ = {isa = PBXFileReference; lastKnownFileType = sourcecode.c.h; path = MacroHeader.h; sourceTree = "<group>"; };
		3A412013213D1181003191F1 /* UIColor+Hex.h */ = {isa = PBXFileReference; lastKnownFileType = sourcecode.c.h; path = "UIColor+Hex.h"; sourceTree = "<group>"; };
		3A412014213D1181003191F1 /* UIColor+Hex.m */ = {isa = PBXFileReference; lastKnownFileType = sourcecode.c.objc; path = "UIColor+Hex.m"; sourceTree = "<group>"; };
		3A412016213E13C3003191F1 /* UITextField+Limit.h */ = {isa = PBXFileReference; fileEncoding = 4; lastKnownFileType = sourcecode.c.h; path = "UITextField+Limit.h"; sourceTree = "<group>"; };
		3A412017213E13C3003191F1 /* UITextField+Limit.m */ = {isa = PBXFileReference; fileEncoding = 4; lastKnownFileType = sourcecode.c.objc; path = "UITextField+Limit.m"; sourceTree = "<group>"; };
		3A41201E213E1B46003191F1 /* HomePageVC.h */ = {isa = PBXFileReference; lastKnownFileType = sourcecode.c.h; path = HomePageVC.h; sourceTree = "<group>"; };
		3A41201F213E1B46003191F1 /* HomePageVC.m */ = {isa = PBXFileReference; lastKnownFileType = sourcecode.c.objc; path = HomePageVC.m; sourceTree = "<group>"; };
		3A412021213E1CF7003191F1 /* HeadLineVC.h */ = {isa = PBXFileReference; lastKnownFileType = sourcecode.c.h; path = HeadLineVC.h; sourceTree = "<group>"; };
		3A412022213E1CF7003191F1 /* HeadLineVC.m */ = {isa = PBXFileReference; lastKnownFileType = sourcecode.c.objc; path = HeadLineVC.m; sourceTree = "<group>"; };
		3A412024213E1D44003191F1 /* MessageVC.h */ = {isa = PBXFileReference; lastKnownFileType = sourcecode.c.h; path = MessageVC.h; sourceTree = "<group>"; };
		3A412025213E1D44003191F1 /* MessageVC.m */ = {isa = PBXFileReference; lastKnownFileType = sourcecode.c.objc; path = MessageVC.m; sourceTree = "<group>"; };
		3A41202B213F850A003191F1 /* HomePageHeaderView.h */ = {isa = PBXFileReference; lastKnownFileType = sourcecode.c.h; path = HomePageHeaderView.h; sourceTree = "<group>"; };
		3A41202C213F850A003191F1 /* HomePageHeaderView.m */ = {isa = PBXFileReference; lastKnownFileType = sourcecode.c.objc; path = HomePageHeaderView.m; sourceTree = "<group>"; };
		3ACD0FE12138CADF00E83D3C /* QCY.app */ = {isa = PBXFileReference; explicitFileType = wrapper.application; includeInIndex = 0; path = QCY.app; sourceTree = BUILT_PRODUCTS_DIR; };
		3ACD0FE42138CADF00E83D3C /* AppDelegate.h */ = {isa = PBXFileReference; lastKnownFileType = sourcecode.c.h; path = AppDelegate.h; sourceTree = "<group>"; };
		3ACD0FE52138CADF00E83D3C /* AppDelegate.m */ = {isa = PBXFileReference; lastKnownFileType = sourcecode.c.objc; path = AppDelegate.m; sourceTree = "<group>"; };
		3ACD0FE72138CADF00E83D3C /* ViewController.h */ = {isa = PBXFileReference; lastKnownFileType = sourcecode.c.h; path = ViewController.h; sourceTree = "<group>"; };
		3ACD0FE82138CADF00E83D3C /* ViewController.m */ = {isa = PBXFileReference; lastKnownFileType = sourcecode.c.objc; path = ViewController.m; sourceTree = "<group>"; };
		3ACD0FEB2138CADF00E83D3C /* Base */ = {isa = PBXFileReference; lastKnownFileType = file.storyboard; name = Base; path = Base.lproj/Main.storyboard; sourceTree = "<group>"; };
		3ACD0FED2138CAE000E83D3C /* Assets.xcassets */ = {isa = PBXFileReference; lastKnownFileType = folder.assetcatalog; path = Assets.xcassets; sourceTree = "<group>"; };
		3ACD0FF02138CAE000E83D3C /* Base */ = {isa = PBXFileReference; lastKnownFileType = file.storyboard; name = Base; path = Base.lproj/LaunchScreen.storyboard; sourceTree = "<group>"; };
		3ACD0FF22138CAE000E83D3C /* Info.plist */ = {isa = PBXFileReference; lastKnownFileType = text.plist.xml; path = Info.plist; sourceTree = "<group>"; };
		3ACD0FF32138CAE000E83D3C /* main.m */ = {isa = PBXFileReference; lastKnownFileType = sourcecode.c.objc; path = main.m; sourceTree = "<group>"; };
		3ACD0FF92138CAE000E83D3C /* QCYTests.xctest */ = {isa = PBXFileReference; explicitFileType = wrapper.cfbundle; includeInIndex = 0; path = QCYTests.xctest; sourceTree = BUILT_PRODUCTS_DIR; };
		3ACD0FFD2138CAE000E83D3C /* QCYTests.m */ = {isa = PBXFileReference; lastKnownFileType = sourcecode.c.objc; path = QCYTests.m; sourceTree = "<group>"; };
		3ACD0FFF2138CAE000E83D3C /* Info.plist */ = {isa = PBXFileReference; lastKnownFileType = text.plist.xml; path = Info.plist; sourceTree = "<group>"; };
		3ACD10042138CAE000E83D3C /* QCYUITests.xctest */ = {isa = PBXFileReference; explicitFileType = wrapper.cfbundle; includeInIndex = 0; path = QCYUITests.xctest; sourceTree = BUILT_PRODUCTS_DIR; };
		3ACD10082138CAE000E83D3C /* QCYUITests.m */ = {isa = PBXFileReference; lastKnownFileType = sourcecode.c.objc; path = QCYUITests.m; sourceTree = "<group>"; };
		3ACD100A2138CAE000E83D3C /* Info.plist */ = {isa = PBXFileReference; lastKnownFileType = text.plist.xml; path = Info.plist; sourceTree = "<group>"; };
		B60C453541C10CCC87895DD4 /* Pods-QCY.debug.xcconfig */ = {isa = PBXFileReference; includeInIndex = 1; lastKnownFileType = text.xcconfig; name = "Pods-QCY.debug.xcconfig"; path = "Pods/Target Support Files/Pods-QCY/Pods-QCY.debug.xcconfig"; sourceTree = "<group>"; };
		DFD5C88E6912B0A3E15441EC /* Pods-QCY.release.xcconfig */ = {isa = PBXFileReference; includeInIndex = 1; lastKnownFileType = text.xcconfig; name = "Pods-QCY.release.xcconfig"; path = "Pods/Target Support Files/Pods-QCY/Pods-QCY.release.xcconfig"; sourceTree = "<group>"; };
		F76AAA3C4B32680D0777E21F /* libPods-QCY.a */ = {isa = PBXFileReference; explicitFileType = archive.ar; includeInIndex = 0; path = "libPods-QCY.a"; sourceTree = BUILT_PRODUCTS_DIR; };
		FC17E06D2140F60B00219452 /* HomePageSectionHeader.h */ = {isa = PBXFileReference; lastKnownFileType = sourcecode.c.h; path = HomePageSectionHeader.h; sourceTree = "<group>"; };
		FC17E06E2140F60B00219452 /* HomePageSectionHeader.m */ = {isa = PBXFileReference; lastKnownFileType = sourcecode.c.objc; path = HomePageSectionHeader.m; sourceTree = "<group>"; };
		FC17E0702140F6CD00219452 /* ClassTool.h */ = {isa = PBXFileReference; lastKnownFileType = sourcecode.c.h; path = ClassTool.h; sourceTree = "<group>"; };
		FC17E0712140F6CD00219452 /* ClassTool.m */ = {isa = PBXFileReference; lastKnownFileType = sourcecode.c.objc; path = ClassTool.m; sourceTree = "<group>"; };
		FC17E0732140F7CD00219452 /* NetWorkingPort.h */ = {isa = PBXFileReference; lastKnownFileType = sourcecode.c.h; path = NetWorkingPort.h; sourceTree = "<group>"; };
		FC17E0772141143900219452 /* PromotionsCell.h */ = {isa = PBXFileReference; lastKnownFileType = sourcecode.c.h; path = PromotionsCell.h; sourceTree = "<group>"; };
		FC17E0782141143900219452 /* PromotionsCell.m */ = {isa = PBXFileReference; lastKnownFileType = sourcecode.c.objc; path = PromotionsCell.m; sourceTree = "<group>"; };
		FC17E07A21425ACB00219452 /* AskToBuyCell.h */ = {isa = PBXFileReference; lastKnownFileType = sourcecode.c.h; path = AskToBuyCell.h; sourceTree = "<group>"; };
		FC17E07B21425ACB00219452 /* AskToBuyCell.m */ = {isa = PBXFileReference; lastKnownFileType = sourcecode.c.objc; path = AskToBuyCell.m; sourceTree = "<group>"; };
		FC33C316214B807800D26C97 /* OpenMallCollectionCell.h */ = {isa = PBXFileReference; lastKnownFileType = sourcecode.c.h; path = OpenMallCollectionCell.h; sourceTree = "<group>"; };
		FC33C317214B807800D26C97 /* OpenMallCollectionCell.m */ = {isa = PBXFileReference; lastKnownFileType = sourcecode.c.objc; path = OpenMallCollectionCell.m; sourceTree = "<group>"; };
		FC33C31A214BA66400D26C97 /* BaseNavigationController.h */ = {isa = PBXFileReference; fileEncoding = 4; lastKnownFileType = sourcecode.c.h; path = BaseNavigationController.h; sourceTree = "<group>"; };
		FC33C31B214BA66400D26C97 /* BaseNavigationController.m */ = {isa = PBXFileReference; fileEncoding = 4; lastKnownFileType = sourcecode.c.objc; path = BaseNavigationController.m; sourceTree = "<group>"; };
		FC33C32B214F65FA00D26C97 /* BaseViewController.h */ = {isa = PBXFileReference; lastKnownFileType = sourcecode.c.h; path = BaseViewController.h; sourceTree = "<group>"; };
		FC33C32C214F65FA00D26C97 /* BaseViewController.m */ = {isa = PBXFileReference; lastKnownFileType = sourcecode.c.objc; path = BaseViewController.m; sourceTree = "<group>"; };
		FC33C32E214F667C00D26C97 /* OpenMallVC.h */ = {isa = PBXFileReference; lastKnownFileType = sourcecode.c.h; path = OpenMallVC.h; sourceTree = "<group>"; };
		FC33C32F214F667C00D26C97 /* OpenMallVC.m */ = {isa = PBXFileReference; lastKnownFileType = sourcecode.c.objc; path = OpenMallVC.m; sourceTree = "<group>"; };
		FC33C332214F72C800D26C97 /* OpenMallVC_Cell.h */ = {isa = PBXFileReference; lastKnownFileType = sourcecode.c.h; path = OpenMallVC_Cell.h; sourceTree = "<group>"; };
		FC33C333214F72C800D26C97 /* OpenMallVC_Cell.m */ = {isa = PBXFileReference; lastKnownFileType = sourcecode.c.objc; path = OpenMallVC_Cell.m; sourceTree = "<group>"; };
		FC7E109F2150CFFB006FCDEF /* HYBImageClipedManager.h */ = {isa = PBXFileReference; fileEncoding = 4; lastKnownFileType = sourcecode.c.h; path = HYBImageClipedManager.h; sourceTree = "<group>"; };
		FC7E10A02150CFFB006FCDEF /* UIButton+HYBImageCliped.m */ = {isa = PBXFileReference; fileEncoding = 4; lastKnownFileType = sourcecode.c.objc; path = "UIButton+HYBImageCliped.m"; sourceTree = "<group>"; };
		FC7E10A12150CFFB006FCDEF /* UIImage+HYBImageCliped.m */ = {isa = PBXFileReference; fileEncoding = 4; lastKnownFileType = sourcecode.c.objc; path = "UIImage+HYBImageCliped.m"; sourceTree = "<group>"; };
		FC7E10A22150CFFB006FCDEF /* UIView+HYBImageCliped.h */ = {isa = PBXFileReference; fileEncoding = 4; lastKnownFileType = sourcecode.c.h; path = "UIView+HYBImageCliped.h"; sourceTree = "<group>"; };
		FC7E10A32150CFFB006FCDEF /* HYBImageCliped.h */ = {isa = PBXFileReference; fileEncoding = 4; lastKnownFileType = sourcecode.c.h; path = HYBImageCliped.h; sourceTree = "<group>"; };
		FC7E10A42150CFFB006FCDEF /* UIImage+HYBmageCliped.h */ = {isa = PBXFileReference; fileEncoding = 4; lastKnownFileType = sourcecode.c.h; path = "UIImage+HYBmageCliped.h"; sourceTree = "<group>"; };
		FC7E10A52150CFFB006FCDEF /* HYBImageClipedManager.m */ = {isa = PBXFileReference; fileEncoding = 4; lastKnownFileType = sourcecode.c.objc; path = HYBImageClipedManager.m; sourceTree = "<group>"; };
		FC7E10A62150CFFB006FCDEF /* UIImageView+HYBImageCliped.h */ = {isa = PBXFileReference; fileEncoding = 4; lastKnownFileType = sourcecode.c.h; path = "UIImageView+HYBImageCliped.h"; sourceTree = "<group>"; };
		FC7E10A72150CFFB006FCDEF /* UIImageView+HYBImageCliped.m */ = {isa = PBXFileReference; fileEncoding = 4; lastKnownFileType = sourcecode.c.objc; path = "UIImageView+HYBImageCliped.m"; sourceTree = "<group>"; };
		FC7E10A82150CFFC006FCDEF /* UIView+HYBImageCliped.m */ = {isa = PBXFileReference; fileEncoding = 4; lastKnownFileType = sourcecode.c.objc; path = "UIView+HYBImageCliped.m"; sourceTree = "<group>"; };
		FC7E10A92150CFFC006FCDEF /* UIButton+HYBImageCliped.h */ = {isa = PBXFileReference; fileEncoding = 4; lastKnownFileType = sourcecode.c.h; path = "UIButton+HYBImageCliped.h"; sourceTree = "<group>"; };
		FC7E10AF2150DB22006FCDEF /* HelperTool.h */ = {isa = PBXFileReference; lastKnownFileType = sourcecode.c.h; path = HelperTool.h; sourceTree = "<group>"; };
		FC7E10B02150DB22006FCDEF /* HelperTool.m */ = {isa = PBXFileReference; lastKnownFileType = sourcecode.c.objc; path = HelperTool.m; sourceTree = "<group>"; };
		FC7E10B82150DF9C006FCDEF /* MineVC.h */ = {isa = PBXFileReference; lastKnownFileType = sourcecode.c.h; path = MineVC.h; sourceTree = "<group>"; };
		FC7E10B92150DF9C006FCDEF /* MineVC.m */ = {isa = PBXFileReference; lastKnownFileType = sourcecode.c.objc; path = MineVC.m; sourceTree = "<group>"; };
		FC7E10BB2151F05B006FCDEF /* UIFont+Runtime.h */ = {isa = PBXFileReference; lastKnownFileType = sourcecode.c.h; path = "UIFont+Runtime.h"; sourceTree = "<group>"; };
		FC7E10BC2151F05B006FCDEF /* UIFont+Runtime.m */ = {isa = PBXFileReference; lastKnownFileType = sourcecode.c.objc; path = "UIFont+Runtime.m"; sourceTree = "<group>"; };
		FC7E10BE215241FB006FCDEF /* UIImageView+CornerRadius.h */ = {isa = PBXFileReference; fileEncoding = 4; lastKnownFileType = sourcecode.c.h; path = "UIImageView+CornerRadius.h"; sourceTree = "<group>"; };
		FC7E10BF215241FB006FCDEF /* UIImageView+CornerRadius.m */ = {isa = PBXFileReference; fileEncoding = 4; lastKnownFileType = sourcecode.c.objc; path = "UIImageView+CornerRadius.m"; sourceTree = "<group>"; };
		FC7E10C221535444006FCDEF /* LoginVC.h */ = {isa = PBXFileReference; lastKnownFileType = sourcecode.c.h; path = LoginVC.h; sourceTree = "<group>"; };
		FC7E10C321535444006FCDEF /* LoginVC.m */ = {isa = PBXFileReference; lastKnownFileType = sourcecode.c.objc; path = LoginVC.m; sourceTree = "<group>"; };
		FC7E10CB2154B95E006FCDEF /* RegisterVC.h */ = {isa = PBXFileReference; lastKnownFileType = sourcecode.c.h; path = RegisterVC.h; sourceTree = "<group>"; };
		FC7E10CC2154B95E006FCDEF /* RegisterVC.m */ = {isa = PBXFileReference; lastKnownFileType = sourcecode.c.objc; path = RegisterVC.m; sourceTree = "<group>"; };
		FC7E10CE2154C415006FCDEF /* XPRootNavigationController.h */ = {isa = PBXFileReference; fileEncoding = 4; lastKnownFileType = sourcecode.c.h; path = XPRootNavigationController.h; sourceTree = "<group>"; };
		FC7E10CF2154C415006FCDEF /* XPRootNavigationController.m */ = {isa = PBXFileReference; fileEncoding = 4; lastKnownFileType = sourcecode.c.objc; path = XPRootNavigationController.m; sourceTree = "<group>"; };
		FC7E11102159F5CE006FCDEF /* ProductMallVC_Cell.h */ = {isa = PBXFileReference; lastKnownFileType = sourcecode.c.h; path = ProductMallVC_Cell.h; sourceTree = "<group>"; };
		FC7E11112159F5CE006FCDEF /* ProductMallVC_Cell.m */ = {isa = PBXFileReference; lastKnownFileType = sourcecode.c.objc; path = ProductMallVC_Cell.m; sourceTree = "<group>"; };
		FC7E11132159F9A4006FCDEF /* ProductMallVC.h */ = {isa = PBXFileReference; lastKnownFileType = sourcecode.c.h; path = ProductMallVC.h; sourceTree = "<group>"; };
		FC7E11142159F9A4006FCDEF /* ProductMallVC.m */ = {isa = PBXFileReference; lastKnownFileType = sourcecode.c.objc; path = ProductMallVC.m; sourceTree = "<group>"; };
		FC7E1116215A1A2F006FCDEF /* ProductDetailsVC.h */ = {isa = PBXFileReference; lastKnownFileType = sourcecode.c.h; path = ProductDetailsVC.h; sourceTree = "<group>"; };
		FC7E1117215A1A2F006FCDEF /* ProductDetailsVC.m */ = {isa = PBXFileReference; lastKnownFileType = sourcecode.c.objc; path = ProductDetailsVC.m; sourceTree = "<group>"; };
		FC7E1119215A26C0006FCDEF /* ProductDetailsView.h */ = {isa = PBXFileReference; lastKnownFileType = sourcecode.c.h; path = ProductDetailsView.h; sourceTree = "<group>"; };
		FC7E111A215A26C0006FCDEF /* ProductDetailsView.m */ = {isa = PBXFileReference; lastKnownFileType = sourcecode.c.objc; path = ProductDetailsView.m; sourceTree = "<group>"; };
		FC854D372150B45300D4E39C /* WRNavigationBar.h */ = {isa = PBXFileReference; fileEncoding = 4; lastKnownFileType = sourcecode.c.h; path = WRNavigationBar.h; sourceTree = "<group>"; };
		FC854D382150B45300D4E39C /* WRNavigationBar.m */ = {isa = PBXFileReference; fileEncoding = 4; lastKnownFileType = sourcecode.c.objc; path = WRNavigationBar.m; sourceTree = "<group>"; };
		FC854D392150B45300D4E39C /* WRCustomNavigationBar.m */ = {isa = PBXFileReference; fileEncoding = 4; lastKnownFileType = sourcecode.c.objc; path = WRCustomNavigationBar.m; sourceTree = "<group>"; };
		FC854D3A2150B45300D4E39C /* WRCustomNavigationBar.h */ = {isa = PBXFileReference; fileEncoding = 4; lastKnownFileType = sourcecode.c.h; path = WRCustomNavigationBar.h; sourceTree = "<group>"; };
		FCD19DE8214A0D1F00DBC908 /* UIImage+Color.h */ = {isa = PBXFileReference; lastKnownFileType = sourcecode.c.h; path = "UIImage+Color.h"; sourceTree = "<group>"; };
		FCD19DE9214A0D1F00DBC908 /* UIImage+Color.m */ = {isa = PBXFileReference; lastKnownFileType = sourcecode.c.objc; path = "UIImage+Color.m"; sourceTree = "<group>"; };
		FCD19DEB214A41F100DBC908 /* TodaysNewsCell.h */ = {isa = PBXFileReference; lastKnownFileType = sourcecode.c.h; path = TodaysNewsCell.h; sourceTree = "<group>"; };
		FCD19DEC214A41F100DBC908 /* TodaysNewsCell.m */ = {isa = PBXFileReference; lastKnownFileType = sourcecode.c.objc; path = TodaysNewsCell.m; sourceTree = "<group>"; };
		FCDA5A1821462EA7005438E1 /* OpenMallCell.h */ = {isa = PBXFileReference; lastKnownFileType = sourcecode.c.h; path = OpenMallCell.h; sourceTree = "<group>"; };
		FCDA5A1921462EA7005438E1 /* OpenMallCell.m */ = {isa = PBXFileReference; lastKnownFileType = sourcecode.c.objc; path = OpenMallCell.m; sourceTree = "<group>"; };
/* End PBXFileReference section */

/* Begin PBXFrameworksBuildPhase section */
		3ACD0FDE2138CADF00E83D3C /* Frameworks */ = {
			isa = PBXFrameworksBuildPhase;
			buildActionMask = 2147483647;
			files = (
				8B00305B00A180D63F0837FE /* libPods-QCY.a in Frameworks */,
			);
			runOnlyForDeploymentPostprocessing = 0;
		};
		3ACD0FF62138CAE000E83D3C /* Frameworks */ = {
			isa = PBXFrameworksBuildPhase;
			buildActionMask = 2147483647;
			files = (
			);
			runOnlyForDeploymentPostprocessing = 0;
		};
		3ACD10012138CAE000E83D3C /* Frameworks */ = {
			isa = PBXFrameworksBuildPhase;
			buildActionMask = 2147483647;
			files = (
			);
			runOnlyForDeploymentPostprocessing = 0;
		};
/* End PBXFrameworksBuildPhase section */

/* Begin PBXGroup section */
		109F274A1EE587997CCE8E7C /* Frameworks */ = {
			isa = PBXGroup;
			children = (
				F76AAA3C4B32680D0777E21F /* libPods-QCY.a */,
			);
			name = Frameworks;
			sourceTree = "<group>";
		};
		3A411FFC213CBEFA003191F1 /* Tabbar+Nav */ = {
			isa = PBXGroup;
			children = (
				3A411FFD213CBFCD003191F1 /* TabbarVC.h */,
				3A411FFE213CBFCD003191F1 /* TabbarVC.m */,
			);
			path = "Tabbar+Nav";
			sourceTree = "<group>";
		};
		3A412000213CBFDD003191F1 /* Model */ = {
			isa = PBXGroup;
			children = (
			);
			path = Model;
			sourceTree = "<group>";
		};
		3A412001213CBFF5003191F1 /* View */ = {
			isa = PBXGroup;
			children = (
				3A41202A213F8411003191F1 /* HomePage */,
			);
			path = View;
			sourceTree = "<group>";
		};
		3A412002213CBFFD003191F1 /* Controller */ = {
			isa = PBXGroup;
			children = (
				3A412019213E154D003191F1 /* HomePage */,
				3A41201D213E15FC003191F1 /* Headlines */,
				3A41201C213E158C003191F1 /* Message */,
				3A41201A213E155F003191F1 /* Mine */,
			);
			path = Controller;
			sourceTree = "<group>";
		};
		3A412003213CDD21003191F1 /* Libs */ = {
			isa = PBXGroup;
			children = (
				FC33C327214EB23E00D26C97 /* ThirdParty */,
				FC33C326214EB22B00D26C97 /* Custom */,
				3A412012213D0FAD003191F1 /* Tools */,
				3A412011213D0F8F003191F1 /* Category */,
			);
			path = Libs;
			sourceTree = "<group>";
		};
		3A412011213D0F8F003191F1 /* Category */ = {
			isa = PBXGroup;
			children = (
				FC7E10BE215241FB006FCDEF /* UIImageView+CornerRadius.h */,
				FC7E10BF215241FB006FCDEF /* UIImageView+CornerRadius.m */,
				3A412013213D1181003191F1 /* UIColor+Hex.h */,
				3A412014213D1181003191F1 /* UIColor+Hex.m */,
				3A412016213E13C3003191F1 /* UITextField+Limit.h */,
				3A412017213E13C3003191F1 /* UITextField+Limit.m */,
				FCD19DE8214A0D1F00DBC908 /* UIImage+Color.h */,
				FCD19DE9214A0D1F00DBC908 /* UIImage+Color.m */,
				FC7E10BB2151F05B006FCDEF /* UIFont+Runtime.h */,
				FC7E10BC2151F05B006FCDEF /* UIFont+Runtime.m */,
			);
			path = Category;
			sourceTree = "<group>";
		};
		3A412012213D0FAD003191F1 /* Tools */ = {
			isa = PBXGroup;
			children = (
				3A41200F213D0C2B003191F1 /* MacroHeader.h */,
				FC17E0732140F7CD00219452 /* NetWorkingPort.h */,
				FC17E0702140F6CD00219452 /* ClassTool.h */,
				FC17E0712140F6CD00219452 /* ClassTool.m */,
				FC7E10AF2150DB22006FCDEF /* HelperTool.h */,
				FC7E10B02150DB22006FCDEF /* HelperTool.m */,
			);
			path = Tools;
			sourceTree = "<group>";
		};
		3A412019213E154D003191F1 /* HomePage */ = {
			isa = PBXGroup;
			children = (
				3A41201E213E1B46003191F1 /* HomePageVC.h */,
				3A41201F213E1B46003191F1 /* HomePageVC.m */,
				FC33C32E214F667C00D26C97 /* OpenMallVC.h */,
				FC33C32F214F667C00D26C97 /* OpenMallVC.m */,
				FC7E11132159F9A4006FCDEF /* ProductMallVC.h */,
				FC7E11142159F9A4006FCDEF /* ProductMallVC.m */,
				FC7E1116215A1A2F006FCDEF /* ProductDetailsVC.h */,
				FC7E1117215A1A2F006FCDEF /* ProductDetailsVC.m */,
			);
			path = HomePage;
			sourceTree = "<group>";
		};
		3A41201A213E155F003191F1 /* Mine */ = {
			isa = PBXGroup;
			children = (
				FC7E10C121535405006FCDEF /* 登陆注册 */,
				FC7E10B82150DF9C006FCDEF /* MineVC.h */,
				FC7E10B92150DF9C006FCDEF /* MineVC.m */,
			);
			path = Mine;
			sourceTree = "<group>";
		};
		3A41201C213E158C003191F1 /* Message */ = {
			isa = PBXGroup;
			children = (
				3A412024213E1D44003191F1 /* MessageVC.h */,
				3A412025213E1D44003191F1 /* MessageVC.m */,
			);
			path = Message;
			sourceTree = "<group>";
		};
		3A41201D213E15FC003191F1 /* Headlines */ = {
			isa = PBXGroup;
			children = (
				3A412021213E1CF7003191F1 /* HeadLineVC.h */,
				3A412022213E1CF7003191F1 /* HeadLineVC.m */,
			);
			path = Headlines;
			sourceTree = "<group>";
		};
		3A41202A213F8411003191F1 /* HomePage */ = {
			isa = PBXGroup;
			children = (
				FC7E110C2159F55E006FCDEF /* ProductMall */,
				FC33C331214F725700D26C97 /* OpenMall */,
				3A41202B213F850A003191F1 /* HomePageHeaderView.h */,
				3A41202C213F850A003191F1 /* HomePageHeaderView.m */,
				FC17E06D2140F60B00219452 /* HomePageSectionHeader.h */,
				FC17E06E2140F60B00219452 /* HomePageSectionHeader.m */,
				FC17E0772141143900219452 /* PromotionsCell.h */,
				FC17E0782141143900219452 /* PromotionsCell.m */,
				FCD19DEB214A41F100DBC908 /* TodaysNewsCell.h */,
				FCD19DEC214A41F100DBC908 /* TodaysNewsCell.m */,
				FC17E07A21425ACB00219452 /* AskToBuyCell.h */,
				FC17E07B21425ACB00219452 /* AskToBuyCell.m */,
				FCDA5A1821462EA7005438E1 /* OpenMallCell.h */,
				FCDA5A1921462EA7005438E1 /* OpenMallCell.m */,
				FC33C316214B807800D26C97 /* OpenMallCollectionCell.h */,
				FC33C317214B807800D26C97 /* OpenMallCollectionCell.m */,
			);
			path = HomePage;
			sourceTree = "<group>";
		};
		3ACD0FD82138CADF00E83D3C = {
			isa = PBXGroup;
			children = (
				3ACD0FE32138CADF00E83D3C /* QCY */,
				3ACD0FFC2138CAE000E83D3C /* QCYTests */,
				3ACD10072138CAE000E83D3C /* QCYUITests */,
				3ACD0FE22138CADF00E83D3C /* Products */,
				891AB4A2D6949973B6938C03 /* Pods */,
				109F274A1EE587997CCE8E7C /* Frameworks */,
			);
			sourceTree = "<group>";
		};
		3ACD0FE22138CADF00E83D3C /* Products */ = {
			isa = PBXGroup;
			children = (
				3ACD0FE12138CADF00E83D3C /* QCY.app */,
				3ACD0FF92138CAE000E83D3C /* QCYTests.xctest */,
				3ACD10042138CAE000E83D3C /* QCYUITests.xctest */,
			);
			name = Products;
			sourceTree = "<group>";
		};
		3ACD0FE32138CADF00E83D3C /* QCY */ = {
			isa = PBXGroup;
			children = (
				FC33C319214BA63C00D26C97 /* Base */,
				3A412000213CBFDD003191F1 /* Model */,
				3A412001213CBFF5003191F1 /* View */,
				3A412002213CBFFD003191F1 /* Controller */,
				3A411FFC213CBEFA003191F1 /* Tabbar+Nav */,
				3A412003213CDD21003191F1 /* Libs */,
				3ACD10172139021B00E83D3C /* System&Resource */,
			);
			path = QCY;
			sourceTree = "<group>";
		};
		3ACD0FFC2138CAE000E83D3C /* QCYTests */ = {
			isa = PBXGroup;
			children = (
				3ACD0FFD2138CAE000E83D3C /* QCYTests.m */,
				3ACD0FFF2138CAE000E83D3C /* Info.plist */,
			);
			path = QCYTests;
			sourceTree = "<group>";
		};
		3ACD10072138CAE000E83D3C /* QCYUITests */ = {
			isa = PBXGroup;
			children = (
				3ACD10082138CAE000E83D3C /* QCYUITests.m */,
				3ACD100A2138CAE000E83D3C /* Info.plist */,
			);
			path = QCYUITests;
			sourceTree = "<group>";
		};
		3ACD10172139021B00E83D3C /* System&Resource */ = {
			isa = PBXGroup;
			children = (
				3ACD0FE42138CADF00E83D3C /* AppDelegate.h */,
				3ACD0FE52138CADF00E83D3C /* AppDelegate.m */,
				3ACD0FE72138CADF00E83D3C /* ViewController.h */,
				3ACD0FE82138CADF00E83D3C /* ViewController.m */,
				3ACD0FEA2138CADF00E83D3C /* Main.storyboard */,
				3ACD0FED2138CAE000E83D3C /* Assets.xcassets */,
				3ACD0FEF2138CAE000E83D3C /* LaunchScreen.storyboard */,
				3ACD0FF22138CAE000E83D3C /* Info.plist */,
				3ACD0FF32138CAE000E83D3C /* main.m */,
			);
			name = "System&Resource";
			sourceTree = "<group>";
		};
		891AB4A2D6949973B6938C03 /* Pods */ = {
			isa = PBXGroup;
			children = (
				B60C453541C10CCC87895DD4 /* Pods-QCY.debug.xcconfig */,
				DFD5C88E6912B0A3E15441EC /* Pods-QCY.release.xcconfig */,
			);
			name = Pods;
			sourceTree = "<group>";
		};
		FC33C319214BA63C00D26C97 /* Base */ = {
			isa = PBXGroup;
			children = (
				FC33C31A214BA66400D26C97 /* BaseNavigationController.h */,
				FC33C31B214BA66400D26C97 /* BaseNavigationController.m */,
				FC33C32B214F65FA00D26C97 /* BaseViewController.h */,
				FC33C32C214F65FA00D26C97 /* BaseViewController.m */,
			);
			path = Base;
			sourceTree = "<group>";
		};
		FC33C326214EB22B00D26C97 /* Custom */ = {
			isa = PBXGroup;
			children = (
				FC7E10CE2154C415006FCDEF /* XPRootNavigationController.h */,
				FC7E10CF2154C415006FCDEF /* XPRootNavigationController.m */,
			);
			path = Custom;
			sourceTree = "<group>";
		};
		FC33C327214EB23E00D26C97 /* ThirdParty */ = {
			isa = PBXGroup;
			children = (
				FC854D362150B42C00D4E39C /* WRNavigationBar */,
				FC7F3281215006DE008E43F9 /* HYBImageCliped */,
			);
			path = ThirdParty;
			sourceTree = "<group>";
		};
		FC33C331214F725700D26C97 /* OpenMall */ = {
			isa = PBXGroup;
			children = (
				FC33C332214F72C800D26C97 /* OpenMallVC_Cell.h */,
				FC33C333214F72C800D26C97 /* OpenMallVC_Cell.m */,
			);
			path = OpenMall;
			sourceTree = "<group>";
		};
		FC7E10C121535405006FCDEF /* 登陆注册 */ = {
			isa = PBXGroup;
			children = (
				FC7E10C221535444006FCDEF /* LoginVC.h */,
				FC7E10C321535444006FCDEF /* LoginVC.m */,
				FC7E10CB2154B95E006FCDEF /* RegisterVC.h */,
				FC7E10CC2154B95E006FCDEF /* RegisterVC.m */,
			);
			path = "登陆注册";
			sourceTree = "<group>";
		};
		FC7E110C2159F55E006FCDEF /* ProductMall */ = {
			isa = PBXGroup;
			children = (
				FC7E11102159F5CE006FCDEF /* ProductMallVC_Cell.h */,
				FC7E11112159F5CE006FCDEF /* ProductMallVC_Cell.m */,
				FC7E1119215A26C0006FCDEF /* ProductDetailsView.h */,
				FC7E111A215A26C0006FCDEF /* ProductDetailsView.m */,
			);
			path = ProductMall;
			sourceTree = "<group>";
		};
		FC7F3281215006DE008E43F9 /* HYBImageCliped */ = {
			isa = PBXGroup;
			children = (
				FC7E10A32150CFFB006FCDEF /* HYBImageCliped.h */,
				FC7E109F2150CFFB006FCDEF /* HYBImageClipedManager.h */,
				FC7E10A52150CFFB006FCDEF /* HYBImageClipedManager.m */,
				FC7E10A92150CFFC006FCDEF /* UIButton+HYBImageCliped.h */,
				FC7E10A02150CFFB006FCDEF /* UIButton+HYBImageCliped.m */,
				FC7E10A12150CFFB006FCDEF /* UIImage+HYBImageCliped.m */,
				FC7E10A42150CFFB006FCDEF /* UIImage+HYBmageCliped.h */,
				FC7E10A62150CFFB006FCDEF /* UIImageView+HYBImageCliped.h */,
				FC7E10A72150CFFB006FCDEF /* UIImageView+HYBImageCliped.m */,
				FC7E10A22150CFFB006FCDEF /* UIView+HYBImageCliped.h */,
				FC7E10A82150CFFC006FCDEF /* UIView+HYBImageCliped.m */,
			);
			path = HYBImageCliped;
			sourceTree = "<group>";
		};
		FC854D362150B42C00D4E39C /* WRNavigationBar */ = {
			isa = PBXGroup;
			children = (
				FC854D3A2150B45300D4E39C /* WRCustomNavigationBar.h */,
				FC854D392150B45300D4E39C /* WRCustomNavigationBar.m */,
				FC854D372150B45300D4E39C /* WRNavigationBar.h */,
				FC854D382150B45300D4E39C /* WRNavigationBar.m */,
			);
			path = WRNavigationBar;
			sourceTree = "<group>";
		};
/* End PBXGroup section */

/* Begin PBXNativeTarget section */
		3ACD0FE02138CADF00E83D3C /* QCY */ = {
			isa = PBXNativeTarget;
			buildConfigurationList = 3ACD100D2138CAE000E83D3C /* Build configuration list for PBXNativeTarget "QCY" */;
			buildPhases = (
				6F21352FF65EEFDDCAC8C297 /* [CP] Check Pods Manifest.lock */,
				3ACD0FDD2138CADF00E83D3C /* Sources */,
				3ACD0FDE2138CADF00E83D3C /* Frameworks */,
				3ACD0FDF2138CADF00E83D3C /* Resources */,
				A8069894D44A19AD9FBB4C53 /* [CP] Copy Pods Resources */,
			);
			buildRules = (
			);
			dependencies = (
			);
			name = QCY;
			productName = QCY;
			productReference = 3ACD0FE12138CADF00E83D3C /* QCY.app */;
			productType = "com.apple.product-type.application";
		};
		3ACD0FF82138CAE000E83D3C /* QCYTests */ = {
			isa = PBXNativeTarget;
			buildConfigurationList = 3ACD10102138CAE000E83D3C /* Build configuration list for PBXNativeTarget "QCYTests" */;
			buildPhases = (
				3ACD0FF52138CAE000E83D3C /* Sources */,
				3ACD0FF62138CAE000E83D3C /* Frameworks */,
				3ACD0FF72138CAE000E83D3C /* Resources */,
			);
			buildRules = (
			);
			dependencies = (
				3ACD0FFB2138CAE000E83D3C /* PBXTargetDependency */,
			);
			name = QCYTests;
			productName = QCYTests;
			productReference = 3ACD0FF92138CAE000E83D3C /* QCYTests.xctest */;
			productType = "com.apple.product-type.bundle.unit-test";
		};
		3ACD10032138CAE000E83D3C /* QCYUITests */ = {
			isa = PBXNativeTarget;
			buildConfigurationList = 3ACD10132138CAE000E83D3C /* Build configuration list for PBXNativeTarget "QCYUITests" */;
			buildPhases = (
				3ACD10002138CAE000E83D3C /* Sources */,
				3ACD10012138CAE000E83D3C /* Frameworks */,
				3ACD10022138CAE000E83D3C /* Resources */,
			);
			buildRules = (
			);
			dependencies = (
				3ACD10062138CAE000E83D3C /* PBXTargetDependency */,
			);
			name = QCYUITests;
			productName = QCYUITests;
			productReference = 3ACD10042138CAE000E83D3C /* QCYUITests.xctest */;
			productType = "com.apple.product-type.bundle.ui-testing";
		};
/* End PBXNativeTarget section */

/* Begin PBXProject section */
		3ACD0FD92138CADF00E83D3C /* Project object */ = {
			isa = PBXProject;
			attributes = {
				LastUpgradeCheck = 0940;
				ORGANIZATIONNAME = "Shanghai i7colors Ecommerce Co., Ltd.";
				TargetAttributes = {
					3ACD0FE02138CADF00E83D3C = {
						CreatedOnToolsVersion = 9.4.1;
					};
					3ACD0FF82138CAE000E83D3C = {
						CreatedOnToolsVersion = 9.4.1;
						TestTargetID = 3ACD0FE02138CADF00E83D3C;
					};
					3ACD10032138CAE000E83D3C = {
						CreatedOnToolsVersion = 9.4.1;
						TestTargetID = 3ACD0FE02138CADF00E83D3C;
					};
				};
			};
			buildConfigurationList = 3ACD0FDC2138CADF00E83D3C /* Build configuration list for PBXProject "QCY" */;
			compatibilityVersion = "Xcode 9.3";
			developmentRegion = en;
			hasScannedForEncodings = 0;
			knownRegions = (
				en,
				Base,
			);
			mainGroup = 3ACD0FD82138CADF00E83D3C;
			productRefGroup = 3ACD0FE22138CADF00E83D3C /* Products */;
			projectDirPath = "";
			projectRoot = "";
			targets = (
				3ACD0FE02138CADF00E83D3C /* QCY */,
				3ACD0FF82138CAE000E83D3C /* QCYTests */,
				3ACD10032138CAE000E83D3C /* QCYUITests */,
			);
		};
/* End PBXProject section */

/* Begin PBXResourcesBuildPhase section */
		3ACD0FDF2138CADF00E83D3C /* Resources */ = {
			isa = PBXResourcesBuildPhase;
			buildActionMask = 2147483647;
			files = (
				3ACD0FF12138CAE000E83D3C /* LaunchScreen.storyboard in Resources */,
				3ACD0FEE2138CAE000E83D3C /* Assets.xcassets in Resources */,
				3ACD0FEC2138CADF00E83D3C /* Main.storyboard in Resources */,
			);
			runOnlyForDeploymentPostprocessing = 0;
		};
		3ACD0FF72138CAE000E83D3C /* Resources */ = {
			isa = PBXResourcesBuildPhase;
			buildActionMask = 2147483647;
			files = (
			);
			runOnlyForDeploymentPostprocessing = 0;
		};
		3ACD10022138CAE000E83D3C /* Resources */ = {
			isa = PBXResourcesBuildPhase;
			buildActionMask = 2147483647;
			files = (
			);
			runOnlyForDeploymentPostprocessing = 0;
		};
/* End PBXResourcesBuildPhase section */

/* Begin PBXShellScriptBuildPhase section */
		6F21352FF65EEFDDCAC8C297 /* [CP] Check Pods Manifest.lock */ = {
			isa = PBXShellScriptBuildPhase;
			buildActionMask = 2147483647;
			files = (
			);
			inputPaths = (
				"${PODS_PODFILE_DIR_PATH}/Podfile.lock",
				"${PODS_ROOT}/Manifest.lock",
			);
			name = "[CP] Check Pods Manifest.lock";
			outputPaths = (
				"$(DERIVED_FILE_DIR)/Pods-QCY-checkManifestLockResult.txt",
			);
			runOnlyForDeploymentPostprocessing = 0;
			shellPath = /bin/sh;
			shellScript = "diff \"${PODS_PODFILE_DIR_PATH}/Podfile.lock\" \"${PODS_ROOT}/Manifest.lock\" > /dev/null\nif [ $? != 0 ] ; then\n    # print error to STDERR\n    echo \"error: The sandbox is not in sync with the Podfile.lock. Run 'pod install' or update your CocoaPods installation.\" >&2\n    exit 1\nfi\n# This output is used by Xcode 'outputs' to avoid re-running this script phase.\necho \"SUCCESS\" > \"${SCRIPT_OUTPUT_FILE_0}\"\n";
			showEnvVarsInLog = 0;
		};
		A8069894D44A19AD9FBB4C53 /* [CP] Copy Pods Resources */ = {
			isa = PBXShellScriptBuildPhase;
			buildActionMask = 2147483647;
			files = (
			);
			inputFileListPaths = (
			);
			inputPaths = (
				"${SRCROOT}/Pods/Target Support Files/Pods-QCY/Pods-QCY-resources.sh",
				"${PODS_ROOT}/IQKeyboardManager/IQKeyboardManager/Resources/IQKeyboardManager.bundle",
			);
			name = "[CP] Copy Pods Resources";
			outputFileListPaths = (
			);
			outputPaths = (
				"${TARGET_BUILD_DIR}/${UNLOCALIZED_RESOURCES_FOLDER_PATH}/IQKeyboardManager.bundle",
			);
			runOnlyForDeploymentPostprocessing = 0;
			shellPath = /bin/sh;
			shellScript = "\"${SRCROOT}/Pods/Target Support Files/Pods-QCY/Pods-QCY-resources.sh\"\n";
			showEnvVarsInLog = 0;
		};
/* End PBXShellScriptBuildPhase section */

/* Begin PBXSourcesBuildPhase section */
		3ACD0FDD2138CADF00E83D3C /* Sources */ = {
			isa = PBXSourcesBuildPhase;
			buildActionMask = 2147483647;
			files = (
				FCD19DED214A41F100DBC908 /* TodaysNewsCell.m in Sources */,
				3A412023213E1CF7003191F1 /* HeadLineVC.m in Sources */,
				FC7E10CD2154B95E006FCDEF /* RegisterVC.m in Sources */,
				FC7E10D02154C415006FCDEF /* XPRootNavigationController.m in Sources */,
				FC7E10C0215241FB006FCDEF /* UIImageView+CornerRadius.m in Sources */,
				FCDA5A1A21462EA7005438E1 /* OpenMallCell.m in Sources */,
				3ACD0FE92138CADF00E83D3C /* ViewController.m in Sources */,
				FC7E10AA2150CFFC006FCDEF /* UIButton+HYBImageCliped.m in Sources */,
				FC7E11152159F9A4006FCDEF /* ProductMallVC.m in Sources */,
				FC33C31C214BA66400D26C97 /* BaseNavigationController.m in Sources */,
				FCD19DEA214A0D1F00DBC908 /* UIImage+Color.m in Sources */,
				3A412020213E1B46003191F1 /* HomePageVC.m in Sources */,
				FC7E10AB2150CFFC006FCDEF /* UIImage+HYBImageCliped.m in Sources */,
				3A41202D213F850A003191F1 /* HomePageHeaderView.m in Sources */,
				3ACD0FF42138CAE000E83D3C /* main.m in Sources */,
				FC33C318214B807800D26C97 /* OpenMallCollectionCell.m in Sources */,
				FC7E10AC2150CFFC006FCDEF /* HYBImageClipedManager.m in Sources */,
				FC33C334214F72C800D26C97 /* OpenMallVC_Cell.m in Sources */,
				FC17E0722140F6CD00219452 /* ClassTool.m in Sources */,
				FC7E10BD2151F05C006FCDEF /* UIFont+Runtime.m in Sources */,
				3A412018213E13C3003191F1 /* UITextField+Limit.m in Sources */,
				FC7E10AD2150CFFC006FCDEF /* UIImageView+HYBImageCliped.m in Sources */,
				FC854D3C2150B45300D4E39C /* WRCustomNavigationBar.m in Sources */,
				3A412026213E1D44003191F1 /* MessageVC.m in Sources */,
				FC17E0792141143900219452 /* PromotionsCell.m in Sources */,
				FC7E10C421535444006FCDEF /* LoginVC.m in Sources */,
				FC7E1118215A1A2F006FCDEF /* ProductDetailsVC.m in Sources */,
				FC854D3B2150B45300D4E39C /* WRNavigationBar.m in Sources */,
				FC33C330214F667C00D26C97 /* OpenMallVC.m in Sources */,
				3A412015213D1181003191F1 /* UIColor+Hex.m in Sources */,
				3A411FFF213CBFCD003191F1 /* TabbarVC.m in Sources */,
				FC7E10BA2150DF9C006FCDEF /* MineVC.m in Sources */,
				FC17E07C21425ACB00219452 /* AskToBuyCell.m in Sources */,
				FC7E111B215A26C0006FCDEF /* ProductDetailsView.m in Sources */,
				FC7E11122159F5CE006FCDEF /* ProductMallVC_Cell.m in Sources */,
				FC7E10B12150DB22006FCDEF /* HelperTool.m in Sources */,
				FC17E06F2140F60B00219452 /* HomePageSectionHeader.m in Sources */,
				3ACD0FE62138CADF00E83D3C /* AppDelegate.m in Sources */,
				FC33C32D214F65FA00D26C97 /* BaseViewController.m in Sources */,
				FC7E10AE2150CFFC006FCDEF /* UIView+HYBImageCliped.m in Sources */,
			);
			runOnlyForDeploymentPostprocessing = 0;
		};
		3ACD0FF52138CAE000E83D3C /* Sources */ = {
			isa = PBXSourcesBuildPhase;
			buildActionMask = 2147483647;
			files = (
				3ACD0FFE2138CAE000E83D3C /* QCYTests.m in Sources */,
			);
			runOnlyForDeploymentPostprocessing = 0;
		};
		3ACD10002138CAE000E83D3C /* Sources */ = {
			isa = PBXSourcesBuildPhase;
			buildActionMask = 2147483647;
			files = (
				3ACD10092138CAE000E83D3C /* QCYUITests.m in Sources */,
			);
			runOnlyForDeploymentPostprocessing = 0;
		};
/* End PBXSourcesBuildPhase section */

/* Begin PBXTargetDependency section */
		3ACD0FFB2138CAE000E83D3C /* PBXTargetDependency */ = {
			isa = PBXTargetDependency;
			target = 3ACD0FE02138CADF00E83D3C /* QCY */;
			targetProxy = 3ACD0FFA2138CAE000E83D3C /* PBXContainerItemProxy */;
		};
		3ACD10062138CAE000E83D3C /* PBXTargetDependency */ = {
			isa = PBXTargetDependency;
			target = 3ACD0FE02138CADF00E83D3C /* QCY */;
			targetProxy = 3ACD10052138CAE000E83D3C /* PBXContainerItemProxy */;
		};
/* End PBXTargetDependency section */

/* Begin PBXVariantGroup section */
		3ACD0FEA2138CADF00E83D3C /* Main.storyboard */ = {
			isa = PBXVariantGroup;
			children = (
				3ACD0FEB2138CADF00E83D3C /* Base */,
			);
			name = Main.storyboard;
			sourceTree = "<group>";
		};
		3ACD0FEF2138CAE000E83D3C /* LaunchScreen.storyboard */ = {
			isa = PBXVariantGroup;
			children = (
				3ACD0FF02138CAE000E83D3C /* Base */,
			);
			name = LaunchScreen.storyboard;
			sourceTree = "<group>";
		};
/* End PBXVariantGroup section */

/* Begin XCBuildConfiguration section */
		3ACD100B2138CAE000E83D3C /* Debug */ = {
			isa = XCBuildConfiguration;
			buildSettings = {
				ALWAYS_SEARCH_USER_PATHS = NO;
				CLANG_ANALYZER_NONNULL = YES;
				CLANG_ANALYZER_NUMBER_OBJECT_CONVERSION = YES_AGGRESSIVE;
				CLANG_CXX_LANGUAGE_STANDARD = "gnu++14";
				CLANG_CXX_LIBRARY = "libc++";
				CLANG_ENABLE_MODULES = YES;
				CLANG_ENABLE_OBJC_ARC = YES;
				CLANG_ENABLE_OBJC_WEAK = YES;
				CLANG_WARN_BLOCK_CAPTURE_AUTORELEASING = YES;
				CLANG_WARN_BOOL_CONVERSION = YES;
				CLANG_WARN_COMMA = YES;
				CLANG_WARN_CONSTANT_CONVERSION = YES;
				CLANG_WARN_DEPRECATED_OBJC_IMPLEMENTATIONS = YES;
				CLANG_WARN_DIRECT_OBJC_ISA_USAGE = YES_ERROR;
				CLANG_WARN_DOCUMENTATION_COMMENTS = YES;
				CLANG_WARN_EMPTY_BODY = YES;
				CLANG_WARN_ENUM_CONVERSION = YES;
				CLANG_WARN_INFINITE_RECURSION = YES;
				CLANG_WARN_INT_CONVERSION = YES;
				CLANG_WARN_NON_LITERAL_NULL_CONVERSION = YES;
				CLANG_WARN_OBJC_IMPLICIT_RETAIN_SELF = YES;
				CLANG_WARN_OBJC_LITERAL_CONVERSION = YES;
				CLANG_WARN_OBJC_ROOT_CLASS = YES_ERROR;
				CLANG_WARN_RANGE_LOOP_ANALYSIS = YES;
				CLANG_WARN_STRICT_PROTOTYPES = YES;
				CLANG_WARN_SUSPICIOUS_MOVE = YES;
				CLANG_WARN_UNGUARDED_AVAILABILITY = YES_AGGRESSIVE;
				CLANG_WARN_UNREACHABLE_CODE = YES;
				CLANG_WARN__DUPLICATE_METHOD_MATCH = YES;
				CODE_SIGN_IDENTITY = "iPhone Developer";
				COPY_PHASE_STRIP = NO;
				DEBUG_INFORMATION_FORMAT = dwarf;
				ENABLE_STRICT_OBJC_MSGSEND = YES;
				ENABLE_TESTABILITY = YES;
				GCC_C_LANGUAGE_STANDARD = gnu11;
				GCC_DYNAMIC_NO_PIC = NO;
				GCC_NO_COMMON_BLOCKS = YES;
				GCC_OPTIMIZATION_LEVEL = 0;
				GCC_PREPROCESSOR_DEFINITIONS = (
					"DEBUG=1",
					"$(inherited)",
				);
				GCC_WARN_64_TO_32_BIT_CONVERSION = YES;
				GCC_WARN_ABOUT_RETURN_TYPE = YES_ERROR;
				GCC_WARN_UNDECLARED_SELECTOR = YES;
				GCC_WARN_UNINITIALIZED_AUTOS = YES_AGGRESSIVE;
				GCC_WARN_UNUSED_FUNCTION = YES;
				GCC_WARN_UNUSED_VARIABLE = YES;
				IPHONEOS_DEPLOYMENT_TARGET = 11.4;
				MTL_ENABLE_DEBUG_INFO = YES;
				ONLY_ACTIVE_ARCH = YES;
				SDKROOT = iphoneos;
			};
			name = Debug;
		};
		3ACD100C2138CAE000E83D3C /* Release */ = {
			isa = XCBuildConfiguration;
			buildSettings = {
				ALWAYS_SEARCH_USER_PATHS = NO;
				CLANG_ANALYZER_NONNULL = YES;
				CLANG_ANALYZER_NUMBER_OBJECT_CONVERSION = YES_AGGRESSIVE;
				CLANG_CXX_LANGUAGE_STANDARD = "gnu++14";
				CLANG_CXX_LIBRARY = "libc++";
				CLANG_ENABLE_MODULES = YES;
				CLANG_ENABLE_OBJC_ARC = YES;
				CLANG_ENABLE_OBJC_WEAK = YES;
				CLANG_WARN_BLOCK_CAPTURE_AUTORELEASING = YES;
				CLANG_WARN_BOOL_CONVERSION = YES;
				CLANG_WARN_COMMA = YES;
				CLANG_WARN_CONSTANT_CONVERSION = YES;
				CLANG_WARN_DEPRECATED_OBJC_IMPLEMENTATIONS = YES;
				CLANG_WARN_DIRECT_OBJC_ISA_USAGE = YES_ERROR;
				CLANG_WARN_DOCUMENTATION_COMMENTS = YES;
				CLANG_WARN_EMPTY_BODY = YES;
				CLANG_WARN_ENUM_CONVERSION = YES;
				CLANG_WARN_INFINITE_RECURSION = YES;
				CLANG_WARN_INT_CONVERSION = YES;
				CLANG_WARN_NON_LITERAL_NULL_CONVERSION = YES;
				CLANG_WARN_OBJC_IMPLICIT_RETAIN_SELF = YES;
				CLANG_WARN_OBJC_LITERAL_CONVERSION = YES;
				CLANG_WARN_OBJC_ROOT_CLASS = YES_ERROR;
				CLANG_WARN_RANGE_LOOP_ANALYSIS = YES;
				CLANG_WARN_STRICT_PROTOTYPES = YES;
				CLANG_WARN_SUSPICIOUS_MOVE = YES;
				CLANG_WARN_UNGUARDED_AVAILABILITY = YES_AGGRESSIVE;
				CLANG_WARN_UNREACHABLE_CODE = YES;
				CLANG_WARN__DUPLICATE_METHOD_MATCH = YES;
				CODE_SIGN_IDENTITY = "iPhone Developer";
				COPY_PHASE_STRIP = NO;
				DEBUG_INFORMATION_FORMAT = "dwarf-with-dsym";
				ENABLE_NS_ASSERTIONS = NO;
				ENABLE_STRICT_OBJC_MSGSEND = YES;
				GCC_C_LANGUAGE_STANDARD = gnu11;
				GCC_NO_COMMON_BLOCKS = YES;
				GCC_WARN_64_TO_32_BIT_CONVERSION = YES;
				GCC_WARN_ABOUT_RETURN_TYPE = YES_ERROR;
				GCC_WARN_UNDECLARED_SELECTOR = YES;
				GCC_WARN_UNINITIALIZED_AUTOS = YES_AGGRESSIVE;
				GCC_WARN_UNUSED_FUNCTION = YES;
				GCC_WARN_UNUSED_VARIABLE = YES;
				IPHONEOS_DEPLOYMENT_TARGET = 11.4;
				MTL_ENABLE_DEBUG_INFO = NO;
				SDKROOT = iphoneos;
				VALIDATE_PRODUCT = YES;
			};
			name = Release;
		};
		3ACD100E2138CAE000E83D3C /* Debug */ = {
			isa = XCBuildConfiguration;
			baseConfigurationReference = B60C453541C10CCC87895DD4 /* Pods-QCY.debug.xcconfig */;
			buildSettings = {
				ALWAYS_SEARCH_USER_PATHS = NO;
				ASSETCATALOG_COMPILER_APPICON_NAME = AppIcon;
				CODE_SIGN_STYLE = Automatic;
				DEVELOPMENT_TEAM = C7ECPUDY72;
				INFOPLIST_FILE = QCY/Info.plist;
				IPHONEOS_DEPLOYMENT_TARGET = 9.0;
				LD_RUNPATH_SEARCH_PATHS = (
					"$(inherited)",
					"@executable_path/Frameworks",
				);
				PRODUCT_BUNDLE_IDENTIFIER = com.i7colors.QCY;
				PRODUCT_NAME = "$(TARGET_NAME)";
				TARGETED_DEVICE_FAMILY = 1;
				USER_HEADER_SEARCH_PATHS = "";
			};
			name = Debug;
		};
		3ACD100F2138CAE000E83D3C /* Release */ = {
			isa = XCBuildConfiguration;
			baseConfigurationReference = DFD5C88E6912B0A3E15441EC /* Pods-QCY.release.xcconfig */;
			buildSettings = {
				ALWAYS_SEARCH_USER_PATHS = NO;
				ASSETCATALOG_COMPILER_APPICON_NAME = AppIcon;
				CODE_SIGN_STYLE = Automatic;
				DEVELOPMENT_TEAM = C7ECPUDY72;
				INFOPLIST_FILE = QCY/Info.plist;
				IPHONEOS_DEPLOYMENT_TARGET = 9.0;
				LD_RUNPATH_SEARCH_PATHS = (
					"$(inherited)",
					"@executable_path/Frameworks",
				);
				PRODUCT_BUNDLE_IDENTIFIER = com.i7colors.QCY;
				PRODUCT_NAME = "$(TARGET_NAME)";
				TARGETED_DEVICE_FAMILY = 1;
				USER_HEADER_SEARCH_PATHS = "";
			};
			name = Release;
		};
		3ACD10112138CAE000E83D3C /* Debug */ = {
			isa = XCBuildConfiguration;
			buildSettings = {
				BUNDLE_LOADER = "$(TEST_HOST)";
				CODE_SIGN_STYLE = Automatic;
				DEVELOPMENT_TEAM = 4MX3HR2F5C;
				INFOPLIST_FILE = QCYTests/Info.plist;
				LD_RUNPATH_SEARCH_PATHS = (
					"$(inherited)",
					"@executable_path/Frameworks",
					"@loader_path/Frameworks",
				);
				PRODUCT_BUNDLE_IDENTIFIER = com.i7colors.QCYTests;
				PRODUCT_NAME = "$(TARGET_NAME)";
				TARGETED_DEVICE_FAMILY = "1,2";
				TEST_HOST = "$(BUILT_PRODUCTS_DIR)/QCY.app/QCY";
			};
			name = Debug;
		};
		3ACD10122138CAE000E83D3C /* Release */ = {
			isa = XCBuildConfiguration;
			buildSettings = {
				BUNDLE_LOADER = "$(TEST_HOST)";
				CODE_SIGN_STYLE = Automatic;
				DEVELOPMENT_TEAM = 4MX3HR2F5C;
				INFOPLIST_FILE = QCYTests/Info.plist;
				LD_RUNPATH_SEARCH_PATHS = (
					"$(inherited)",
					"@executable_path/Frameworks",
					"@loader_path/Frameworks",
				);
				PRODUCT_BUNDLE_IDENTIFIER = com.i7colors.QCYTests;
				PRODUCT_NAME = "$(TARGET_NAME)";
				TARGETED_DEVICE_FAMILY = "1,2";
				TEST_HOST = "$(BUILT_PRODUCTS_DIR)/QCY.app/QCY";
			};
			name = Release;
		};
		3ACD10142138CAE000E83D3C /* Debug */ = {
			isa = XCBuildConfiguration;
			buildSettings = {
				CODE_SIGN_STYLE = Automatic;
				DEVELOPMENT_TEAM = 4MX3HR2F5C;
				INFOPLIST_FILE = QCYUITests/Info.plist;
				LD_RUNPATH_SEARCH_PATHS = (
					"$(inherited)",
					"@executable_path/Frameworks",
					"@loader_path/Frameworks",
				);
				PRODUCT_BUNDLE_IDENTIFIER = com.i7colors.QCYUITests;
				PRODUCT_NAME = "$(TARGET_NAME)";
				TARGETED_DEVICE_FAMILY = "1,2";
				TEST_TARGET_NAME = QCY;
			};
			name = Debug;
		};
		3ACD10152138CAE000E83D3C /* Release */ = {
			isa = XCBuildConfiguration;
			buildSettings = {
				CODE_SIGN_STYLE = Automatic;
				DEVELOPMENT_TEAM = 4MX3HR2F5C;
				INFOPLIST_FILE = QCYUITests/Info.plist;
				LD_RUNPATH_SEARCH_PATHS = (
					"$(inherited)",
					"@executable_path/Frameworks",
					"@loader_path/Frameworks",
				);
				PRODUCT_BUNDLE_IDENTIFIER = com.i7colors.QCYUITests;
				PRODUCT_NAME = "$(TARGET_NAME)";
				TARGETED_DEVICE_FAMILY = "1,2";
				TEST_TARGET_NAME = QCY;
			};
			name = Release;
		};
/* End XCBuildConfiguration section */

/* Begin XCConfigurationList section */
		3ACD0FDC2138CADF00E83D3C /* Build configuration list for PBXProject "QCY" */ = {
			isa = XCConfigurationList;
			buildConfigurations = (
				3ACD100B2138CAE000E83D3C /* Debug */,
				3ACD100C2138CAE000E83D3C /* Release */,
			);
			defaultConfigurationIsVisible = 0;
			defaultConfigurationName = Release;
		};
		3ACD100D2138CAE000E83D3C /* Build configuration list for PBXNativeTarget "QCY" */ = {
			isa = XCConfigurationList;
			buildConfigurations = (
				3ACD100E2138CAE000E83D3C /* Debug */,
				3ACD100F2138CAE000E83D3C /* Release */,
			);
			defaultConfigurationIsVisible = 0;
			defaultConfigurationName = Release;
		};
		3ACD10102138CAE000E83D3C /* Build configuration list for PBXNativeTarget "QCYTests" */ = {
			isa = XCConfigurationList;
			buildConfigurations = (
				3ACD10112138CAE000E83D3C /* Debug */,
				3ACD10122138CAE000E83D3C /* Release */,
			);
			defaultConfigurationIsVisible = 0;
			defaultConfigurationName = Release;
		};
		3ACD10132138CAE000E83D3C /* Build configuration list for PBXNativeTarget "QCYUITests" */ = {
			isa = XCConfigurationList;
			buildConfigurations = (
				3ACD10142138CAE000E83D3C /* Debug */,
				3ACD10152138CAE000E83D3C /* Release */,
			);
			defaultConfigurationIsVisible = 0;
			defaultConfigurationName = Release;
		};
/* End XCConfigurationList section */
	};
	rootObject = 3ACD0FD92138CADF00E83D3C /* Project object */;
}
